{
  "pins" : [
    {
      "identity" : "bsimagepicker",
      "kind" : "remoteSourceControl",
      "location" : "https://github.com/mikaoj/BSImagePicker.git",
      "state" : {
        "revision" : "b5a77ac0921ef603caa62a1f674c9999d68b80a5",
        "version" : "3.3.2"
      }
    },
    {
      "identity" : "google-maps-ios-utils",
      "kind" : "remoteSourceControl",
      "location" : "https://github.com/googlemaps/google-maps-ios-utils.git",
      "state" : {
        "revision" : "b56b39cec0e3d5938ddadbfeb4d3fec541ebbb5e",
        "version" : "4.2.2"
      }
    },
    {
      "identity" : "googlemaps-sp",
      "kind" : "remoteSourceControl",
      "location" : "https://github.com/YAtechnologies/GoogleMaps-SP.git",
      "state" : {
        "revision" : "684ea6db362feaefdfcff89356e446bec8bcde3d",
        "version" : "7.2.0"
      }
    },
    {
      "identity" : "iqkeyboardmanager",
      "kind" : "remoteSourceControl",
      "location" : "https://github.com/hackiftekhar/IQKeyboardManager.git",
      "state" : {
        "revision" : "aa656e1f0d95f0154622f453599318602848be3b",
        "version" : "7.0.1"
      }
    }
  ],
  "version" : 2
}
