// !$*UTF8*$!
{
	archiveVersion = 1;
	classes = {
	};
	objectVersion = 56;
	objects = {

/* Begin PBXBuildFile section */
		18006CE72B7C9FA800C301D3 /* PopOverView.swift in Sources */ = {isa = PBXBuildFile; fileRef = 18006CE62B7C9FA800C301D3 /* PopOverView.swift */; };
		18006CEB2B7CA3CF00C301D3 /* PopOverView.xib in Resources */ = {isa = PBXBuildFile; fileRef = 18006CEA2B7CA3CF00C301D3 /* PopOverView.xib */; };
		1802DF8A2B7C9262008B25DB /* ResetPasswordViewController.swift in Sources */ = {isa = PBXBuildFile; fileRef = 1802DF892B7C9262008B25DB /* ResetPasswordViewController.swift */; };
		1802DF8C2B7C9272008B25DB /* ForgotPasswordViewController.swift in Sources */ = {isa = PBXBuildFile; fileRef = 1802DF8B2B7C9272008B25DB /* ForgotPasswordViewController.swift */; };
		181638C42B7B9CFE0020854C /* SignUpViewController.swift in Sources */ = {isa = PBXBuildFile; fileRef = 181638C32B7B9CFE0020854C /* SignUpViewController.swift */; };
		181638C72B7BA6E10020854C /* CreateAccountViewController.swift in Sources */ = {isa = PBXBuildFile; fileRef = 181638C62B7BA6E10020854C /* CreateAccountViewController.swift */; };
		183546A42B7CD03E00649EE2 /* Lato-Medium.ttf in Resources */ = {isa = PBXBuildFile; fileRef = 183546A32B7CD03E00649EE2 /* Lato-Medium.ttf */; };
		183546A62B7CEB2700649EE2 /* UIWindow+Extension.swift in Sources */ = {isa = PBXBuildFile; fileRef = 183546A52B7CEB2700649EE2 /* UIWindow+Extension.swift */; };
		183546A92B7CF5F500649EE2 /* SplashViewController.swift in Sources */ = {isa = PBXBuildFile; fileRef = 183546A82B7CF5F500649EE2 /* SplashViewController.swift */; };
		183546AB2B7CF96C00649EE2 /* Lato-SemiBold.ttf in Resources */ = {isa = PBXBuildFile; fileRef = 183546AA2B7CF96C00649EE2 /* Lato-SemiBold.ttf */; };
		183765072B7A32A900CCE9F4 /* UIView+Extension.swift in Sources */ = {isa = PBXBuildFile; fileRef = 183765062B7A32A900CCE9F4 /* UIView+Extension.swift */; };
		183765092B7A32CE00CCE9F4 /* UIColour+Extension.swift in Sources */ = {isa = PBXBuildFile; fileRef = 183765082B7A32CE00CCE9F4 /* UIColour+Extension.swift */; };
		1846EFA52B835D3E0049BDC0 /* CreateAccountModel.swift in Sources */ = {isa = PBXBuildFile; fileRef = 1846EFA42B835D3E0049BDC0 /* CreateAccountModel.swift */; };
		1846EFA72B835E7F0049BDC0 /* CreateAccountViewModel.swift in Sources */ = {isa = PBXBuildFile; fileRef = 1846EFA62B835E7F0049BDC0 /* CreateAccountViewModel.swift */; };
		184B8B382B75F5750035FF3E /* LoginViewModel.swift in Sources */ = {isa = PBXBuildFile; fileRef = 184B8B372B75F5750035FF3E /* LoginViewModel.swift */; };
		184B8B3A2B75F62C0035FF3E /* LoginViewController.swift in Sources */ = {isa = PBXBuildFile; fileRef = 184B8B392B75F62C0035FF3E /* LoginViewController.swift */; };
		184B8B3C2B75F6400035FF3E /* LoginModel.swift in Sources */ = {isa = PBXBuildFile; fileRef = 184B8B3B2B75F6400035FF3E /* LoginModel.swift */; };
		184B8B402B7636270035FF3E /* BaseViewController.swift in Sources */ = {isa = PBXBuildFile; fileRef = 184B8B3F2B7636270035FF3E /* BaseViewController.swift */; };
		185971842B7A526100175D84 /* GoogleSignInView.xib in Resources */ = {isa = PBXBuildFile; fileRef = 185971832B7A526100175D84 /* GoogleSignInView.xib */; };
		185971862B7A52DE00175D84 /* GoogleSignInView.swift in Sources */ = {isa = PBXBuildFile; fileRef = 185971852B7A52DE00175D84 /* GoogleSignInView.swift */; };
		185E65C02B72435C00FEC922 /* AppDelegate.swift in Sources */ = {isa = PBXBuildFile; fileRef = 185E65BF2B72435C00FEC922 /* AppDelegate.swift */; };
		185E65C42B72435C00FEC922 /* ViewController.swift in Sources */ = {isa = PBXBuildFile; fileRef = 185E65C32B72435C00FEC922 /* ViewController.swift */; };
		185E65C72B72435C00FEC922 /* Main.storyboard in Resources */ = {isa = PBXBuildFile; fileRef = 185E65C52B72435C00FEC922 /* Main.storyboard */; };
		185E65CA2B72435C00FEC922 /* TicketSpark.xcdatamodeld in Sources */ = {isa = PBXBuildFile; fileRef = 185E65C82B72435C00FEC922 /* TicketSpark.xcdatamodeld */; };
		185E65CC2B72435E00FEC922 /* Assets.xcassets in Resources */ = {isa = PBXBuildFile; fileRef = 185E65CB2B72435E00FEC922 /* Assets.xcassets */; };
		185E65CF2B72435E00FEC922 /* LaunchScreen.storyboard in Resources */ = {isa = PBXBuildFile; fileRef = 185E65CD2B72435E00FEC922 /* LaunchScreen.storyboard */; };
		188F5C782B7B98F00039B86C /* OTPView.swift in Sources */ = {isa = PBXBuildFile; fileRef = 188F5C762B7B98F00039B86C /* OTPView.swift */; };
		188F5C792B7B98F00039B86C /* OTPView.xib in Resources */ = {isa = PBXBuildFile; fileRef = 188F5C772B7B98F00039B86C /* OTPView.xib */; };
		188F5C7B2B7B9EB20039B86C /* AppColors.xcassets in Resources */ = {isa = PBXBuildFile; fileRef = 188F5C7A2B7B9EB20039B86C /* AppColors.xcassets */; };
		188F5C7E2B7BA0A00039B86C /* AddOrganizerVC.swift in Sources */ = {isa = PBXBuildFile; fileRef = 188F5C7D2B7BA0A00039B86C /* AddOrganizerVC.swift */; };
		188F5C812B7DE51C0039B86C /* StringConstants.swift in Sources */ = {isa = PBXBuildFile; fileRef = 188F5C802B7DE51C0039B86C /* StringConstants.swift */; };
		18C5F4DC2B7F74EC00629656 /* RSCountryPickerController.swift in Sources */ = {isa = PBXBuildFile; fileRef = 18C5F4DB2B7F74EC00629656 /* RSCountryPickerController.swift */; };
		18C5F4DE2B7F751500629656 /* RSCountryTableViewCell.swift in Sources */ = {isa = PBXBuildFile; fileRef = 18C5F4DD2B7F751500629656 /* RSCountryTableViewCell.swift */; };
		18C5F4E82B7F772000629656 /* RSCountryDialCode.swift in Sources */ = {isa = PBXBuildFile; fileRef = 18C5F4E52B7F772000629656 /* RSCountryDialCode.swift */; };
		18C5F4E92B7F772000629656 /* CountryPicker.bundle in Resources */ = {isa = PBXBuildFile; fileRef = 18C5F4E62B7F772000629656 /* CountryPicker.bundle */; };
		18C5F4EA2B7F772000629656 /* countries.json in Resources */ = {isa = PBXBuildFile; fileRef = 18C5F4E72B7F772000629656 /* countries.json */; };
		18DA0B3A2B7DF14A001DCF37 /* SignUpViewModel.swift in Sources */ = {isa = PBXBuildFile; fileRef = 18DA0B392B7DF14A001DCF37 /* SignUpViewModel.swift */; };
		18DA0B3E2B7DFA43001DCF37 /* UIViewController+Extension.swift in Sources */ = {isa = PBXBuildFile; fileRef = 18DA0B3D2B7DFA43001DCF37 /* UIViewController+Extension.swift */; };
		18DA0B412B7E1857001DCF37 /* Validation.swift in Sources */ = {isa = PBXBuildFile; fileRef = 18DA0B402B7E1857001DCF37 /* Validation.swift */; };
		18DA0B432B7E1861001DCF37 /* ValidationCheckFuncs.swift in Sources */ = {isa = PBXBuildFile; fileRef = 18DA0B422B7E1861001DCF37 /* ValidationCheckFuncs.swift */; };
		18DA0B452B7E187A001DCF37 /* ValidationConstantStrings.swift in Sources */ = {isa = PBXBuildFile; fileRef = 18DA0B442B7E187A001DCF37 /* ValidationConstantStrings.swift */; };
		18DA0B472B7E18D2001DCF37 /* String+Extension.swift in Sources */ = {isa = PBXBuildFile; fileRef = 18DA0B462B7E18D2001DCF37 /* String+Extension.swift */; };
		18DA0B4A2B7E1E41001DCF37 /* ResponseModal.swift in Sources */ = {isa = PBXBuildFile; fileRef = 18DA0B492B7E1E41001DCF37 /* ResponseModal.swift */; };
		18DA0B4C2B7E1E4D001DCF37 /* APIHandler.swift in Sources */ = {isa = PBXBuildFile; fileRef = 18DA0B4B2B7E1E4D001DCF37 /* APIHandler.swift */; };
		18DA0B4E2B7E1E5F001DCF37 /* FileUploader.swift in Sources */ = {isa = PBXBuildFile; fileRef = 18DA0B4D2B7E1E5F001DCF37 /* FileUploader.swift */; };
		18DA0B502B7E1E6B001DCF37 /* CheckInterNetConnectivity.swift in Sources */ = {isa = PBXBuildFile; fileRef = 18DA0B4F2B7E1E6B001DCF37 /* CheckInterNetConnectivity.swift */; };
		18DA0B522B7E1ED9001DCF37 /* UserDefaults+Extension.swift in Sources */ = {isa = PBXBuildFile; fileRef = 18DA0B512B7E1ED9001DCF37 /* UserDefaults+Extension.swift */; };
		18DA0B552B7E20EC001DCF37 /* UserDefaultManager.swift in Sources */ = {isa = PBXBuildFile; fileRef = 18DA0B542B7E20EC001DCF37 /* UserDefaultManager.swift */; };
		18DA0B592B7E2C3E001DCF37 /* BottomAlert.swift in Sources */ = {isa = PBXBuildFile; fileRef = 18DA0B572B7E2C3E001DCF37 /* BottomAlert.swift */; };
		18DA0B5A2B7E2C3E001DCF37 /* BottomAlert.xib in Resources */ = {isa = PBXBuildFile; fileRef = 18DA0B582B7E2C3E001DCF37 /* BottomAlert.xib */; };
		18DA0B5D2B7E43A7001DCF37 /* LoadingIndicatorView.swift in Sources */ = {isa = PBXBuildFile; fileRef = 18DA0B5C2B7E43A7001DCF37 /* LoadingIndicatorView.swift */; };
		18EF61502B7B52340074C959 /* DropDownTableViewCell.xib in Resources */ = {isa = PBXBuildFile; fileRef = 18EF614D2B7B52330074C959 /* DropDownTableViewCell.xib */; };
		18EF61512B7B52340074C959 /* DropDownTableViewCell.swift in Sources */ = {isa = PBXBuildFile; fileRef = 18EF614E2B7B52330074C959 /* DropDownTableViewCell.swift */; };
		18EF61522B7B52340074C959 /* DropDownTextField.swift in Sources */ = {isa = PBXBuildFile; fileRef = 18EF614F2B7B52330074C959 /* DropDownTextField.swift */; };
		18EF61552B7B523D0074C959 /* CustomTextFieldView.swift in Sources */ = {isa = PBXBuildFile; fileRef = 18EF61532B7B523D0074C959 /* CustomTextFieldView.swift */; };
		18EF61562B7B523D0074C959 /* CustomTextFieldView.xib in Resources */ = {isa = PBXBuildFile; fileRef = 18EF61542B7B523D0074C959 /* CustomTextFieldView.xib */; };
		18EF61582B7B52760074C959 /* CreateEvent.storyboard in Resources */ = {isa = PBXBuildFile; fileRef = 18EF61572B7B52760074C959 /* CreateEvent.storyboard */; };
		18EF615B2B7B529A0074C959 /* CreatEventVC.swift in Sources */ = {isa = PBXBuildFile; fileRef = 18EF615A2B7B529A0074C959 /* CreatEventVC.swift */; };
		18EF615E2B7B60260074C959 /* FloatingTextField.swift in Sources */ = {isa = PBXBuildFile; fileRef = 18EF615D2B7B60250074C959 /* FloatingTextField.swift */; };
		18EF61612B7B6CBA0074C959 /* IQKeyboardManagerSwift in Frameworks */ = {isa = PBXBuildFile; productRef = 18EF61602B7B6CBA0074C959 /* IQKeyboardManagerSwift */; };
		18EF61642B7B80930074C959 /* AddOrganizerTab.storyboard in Resources */ = {isa = PBXBuildFile; fileRef = 18EF61632B7B80930074C959 /* AddOrganizerTab.storyboard */; };
		18EF61662B7B8ABC0074C959 /* Organization.storyboard in Resources */ = {isa = PBXBuildFile; fileRef = 18EF61652B7B8ABC0074C959 /* Organization.storyboard */; };
		18EF616A2B7B92300074C959 /* NextButton.swift in Sources */ = {isa = PBXBuildFile; fileRef = 18EF61692B7B92300074C959 /* NextButton.swift */; };
		18EF616C2B7B92450074C959 /* NextButton.xib in Resources */ = {isa = PBXBuildFile; fileRef = 18EF616B2B7B92450074C959 /* NextButton.xib */; };
		18EF616E2B7B92C00074C959 /* CustomButton.swift in Sources */ = {isa = PBXBuildFile; fileRef = 18EF616D2B7B92C00074C959 /* CustomButton.swift */; };
		18EF61702B7B964B0074C959 /* Session.storyboard in Resources */ = {isa = PBXBuildFile; fileRef = 18EF616F2B7B964A0074C959 /* Session.storyboard */; };
		18EF61752B7B96BC0074C959 /* UITextField+Extension.swift in Sources */ = {isa = PBXBuildFile; fileRef = 18EF61742B7B96BC0074C959 /* UITextField+Extension.swift */; };
		18F0933A2B7B414800BFB4C3 /* Lato-Black.ttf in Resources */ = {isa = PBXBuildFile; fileRef = 18F093322B7B414800BFB4C3 /* Lato-Black.ttf */; };
		18F0933B2B7B414800BFB4C3 /* Lato-LightItalic.ttf in Resources */ = {isa = PBXBuildFile; fileRef = 18F093332B7B414800BFB4C3 /* Lato-LightItalic.ttf */; };
		18F0933C2B7B414800BFB4C3 /* Lato-BlackItalic.ttf in Resources */ = {isa = PBXBuildFile; fileRef = 18F093342B7B414800BFB4C3 /* Lato-BlackItalic.ttf */; };
		18F0933D2B7B414800BFB4C3 /* Lato-Italic.ttf in Resources */ = {isa = PBXBuildFile; fileRef = 18F093352B7B414800BFB4C3 /* Lato-Italic.ttf */; };
		18F0933E2B7B414800BFB4C3 /* Lato-Bold.ttf in Resources */ = {isa = PBXBuildFile; fileRef = 18F093362B7B414800BFB4C3 /* Lato-Bold.ttf */; };
		18F0933F2B7B414800BFB4C3 /* Lato-Regular.ttf in Resources */ = {isa = PBXBuildFile; fileRef = 18F093372B7B414800BFB4C3 /* Lato-Regular.ttf */; };
		18F093402B7B414800BFB4C3 /* Lato-BoldItalic.ttf in Resources */ = {isa = PBXBuildFile; fileRef = 18F093382B7B414800BFB4C3 /* Lato-BoldItalic.ttf */; };
		18F093412B7B414800BFB4C3 /* Lato-Light.ttf in Resources */ = {isa = PBXBuildFile; fileRef = 18F093392B7B414800BFB4C3 /* Lato-Light.ttf */; };
		18F093432B7B456500BFB4C3 /* CustomFont.swift in Sources */ = {isa = PBXBuildFile; fileRef = 18F093422B7B456500BFB4C3 /* CustomFont.swift */; };
/* End PBXBuildFile section */

/* Begin PBXFileReference section */
		18006CE62B7C9FA800C301D3 /* PopOverView.swift */ = {isa = PBXFileReference; lastKnownFileType = sourcecode.swift; path = PopOverView.swift; sourceTree = "<group>"; };
		18006CEA2B7CA3CF00C301D3 /* PopOverView.xib */ = {isa = PBXFileReference; lastKnownFileType = file.xib; path = PopOverView.xib; sourceTree = "<group>"; };
		1802DF892B7C9262008B25DB /* ResetPasswordViewController.swift */ = {isa = PBXFileReference; lastKnownFileType = sourcecode.swift; path = ResetPasswordViewController.swift; sourceTree = "<group>"; };
		1802DF8B2B7C9272008B25DB /* ForgotPasswordViewController.swift */ = {isa = PBXFileReference; lastKnownFileType = sourcecode.swift; path = ForgotPasswordViewController.swift; sourceTree = "<group>"; };
		181638C32B7B9CFE0020854C /* SignUpViewController.swift */ = {isa = PBXFileReference; lastKnownFileType = sourcecode.swift; path = SignUpViewController.swift; sourceTree = "<group>"; };
		181638C62B7BA6E10020854C /* CreateAccountViewController.swift */ = {isa = PBXFileReference; lastKnownFileType = sourcecode.swift; path = CreateAccountViewController.swift; sourceTree = "<group>"; };
		183546A32B7CD03E00649EE2 /* Lato-Medium.ttf */ = {isa = PBXFileReference; lastKnownFileType = file; path = "Lato-Medium.ttf"; sourceTree = "<group>"; };
		183546A52B7CEB2700649EE2 /* UIWindow+Extension.swift */ = {isa = PBXFileReference; lastKnownFileType = sourcecode.swift; path = "UIWindow+Extension.swift"; sourceTree = "<group>"; };
		183546A82B7CF5F500649EE2 /* SplashViewController.swift */ = {isa = PBXFileReference; lastKnownFileType = sourcecode.swift; path = SplashViewController.swift; sourceTree = "<group>"; };
		183546AA2B7CF96C00649EE2 /* Lato-SemiBold.ttf */ = {isa = PBXFileReference; lastKnownFileType = file; path = "Lato-SemiBold.ttf"; sourceTree = "<group>"; };
		183765062B7A32A900CCE9F4 /* UIView+Extension.swift */ = {isa = PBXFileReference; lastKnownFileType = sourcecode.swift; path = "UIView+Extension.swift"; sourceTree = "<group>"; };
		183765082B7A32CE00CCE9F4 /* UIColour+Extension.swift */ = {isa = PBXFileReference; lastKnownFileType = sourcecode.swift; path = "UIColour+Extension.swift"; sourceTree = "<group>"; };
		1846EFA42B835D3E0049BDC0 /* CreateAccountModel.swift */ = {isa = PBXFileReference; lastKnownFileType = sourcecode.swift; path = CreateAccountModel.swift; sourceTree = "<group>"; };
		1846EFA62B835E7F0049BDC0 /* CreateAccountViewModel.swift */ = {isa = PBXFileReference; lastKnownFileType = sourcecode.swift; path = CreateAccountViewModel.swift; sourceTree = "<group>"; };
		184B8B372B75F5750035FF3E /* LoginViewModel.swift */ = {isa = PBXFileReference; lastKnownFileType = sourcecode.swift; path = LoginViewModel.swift; sourceTree = "<group>"; };
		184B8B392B75F62C0035FF3E /* LoginViewController.swift */ = {isa = PBXFileReference; lastKnownFileType = sourcecode.swift; path = LoginViewController.swift; sourceTree = "<group>"; };
		184B8B3B2B75F6400035FF3E /* LoginModel.swift */ = {isa = PBXFileReference; lastKnownFileType = sourcecode.swift; path = LoginModel.swift; sourceTree = "<group>"; };
		184B8B3F2B7636270035FF3E /* BaseViewController.swift */ = {isa = PBXFileReference; lastKnownFileType = sourcecode.swift; path = BaseViewController.swift; sourceTree = "<group>"; };
		185971832B7A526100175D84 /* GoogleSignInView.xib */ = {isa = PBXFileReference; lastKnownFileType = file.xib; path = GoogleSignInView.xib; sourceTree = "<group>"; };
		185971852B7A52DE00175D84 /* GoogleSignInView.swift */ = {isa = PBXFileReference; lastKnownFileType = sourcecode.swift; path = GoogleSignInView.swift; sourceTree = "<group>"; };
		185E65BC2B72435C00FEC922 /* TicketSpark.app */ = {isa = PBXFileReference; explicitFileType = wrapper.application; includeInIndex = 0; path = TicketSpark.app; sourceTree = BUILT_PRODUCTS_DIR; };
		185E65BF2B72435C00FEC922 /* AppDelegate.swift */ = {isa = PBXFileReference; lastKnownFileType = sourcecode.swift; path = AppDelegate.swift; sourceTree = "<group>"; };
		185E65C32B72435C00FEC922 /* ViewController.swift */ = {isa = PBXFileReference; lastKnownFileType = sourcecode.swift; path = ViewController.swift; sourceTree = "<group>"; };
		185E65C62B72435C00FEC922 /* Base */ = {isa = PBXFileReference; lastKnownFileType = file.storyboard; name = Base; path = Base.lproj/Main.storyboard; sourceTree = "<group>"; };
		185E65C92B72435C00FEC922 /* TicketSpark.xcdatamodel */ = {isa = PBXFileReference; lastKnownFileType = wrapper.xcdatamodel; path = TicketSpark.xcdatamodel; sourceTree = "<group>"; };
		185E65CB2B72435E00FEC922 /* Assets.xcassets */ = {isa = PBXFileReference; lastKnownFileType = folder.assetcatalog; path = Assets.xcassets; sourceTree = "<group>"; };
		185E65CE2B72435E00FEC922 /* Base */ = {isa = PBXFileReference; lastKnownFileType = file.storyboard; name = Base; path = Base.lproj/LaunchScreen.storyboard; sourceTree = "<group>"; };
		185E65D02B72435E00FEC922 /* Info.plist */ = {isa = PBXFileReference; lastKnownFileType = text.plist.xml; path = Info.plist; sourceTree = "<group>"; };
		188F5C762B7B98F00039B86C /* OTPView.swift */ = {isa = PBXFileReference; fileEncoding = 4; lastKnownFileType = sourcecode.swift; path = OTPView.swift; sourceTree = "<group>"; };
		188F5C772B7B98F00039B86C /* OTPView.xib */ = {isa = PBXFileReference; fileEncoding = 4; lastKnownFileType = file.xib; path = OTPView.xib; sourceTree = "<group>"; };
		188F5C7A2B7B9EB20039B86C /* AppColors.xcassets */ = {isa = PBXFileReference; lastKnownFileType = folder.assetcatalog; path = AppColors.xcassets; sourceTree = "<group>"; };
		188F5C7D2B7BA0A00039B86C /* AddOrganizerVC.swift */ = {isa = PBXFileReference; lastKnownFileType = sourcecode.swift; path = AddOrganizerVC.swift; sourceTree = "<group>"; };
		188F5C802B7DE51C0039B86C /* StringConstants.swift */ = {isa = PBXFileReference; lastKnownFileType = sourcecode.swift; path = StringConstants.swift; sourceTree = "<group>"; };
		18C5F4DB2B7F74EC00629656 /* RSCountryPickerController.swift */ = {isa = PBXFileReference; lastKnownFileType = sourcecode.swift; path = RSCountryPickerController.swift; sourceTree = "<group>"; };
		18C5F4DD2B7F751500629656 /* RSCountryTableViewCell.swift */ = {isa = PBXFileReference; lastKnownFileType = sourcecode.swift; path = RSCountryTableViewCell.swift; sourceTree = "<group>"; };
		18C5F4E52B7F772000629656 /* RSCountryDialCode.swift */ = {isa = PBXFileReference; fileEncoding = 4; lastKnownFileType = sourcecode.swift; path = RSCountryDialCode.swift; sourceTree = "<group>"; };
		18C5F4E62B7F772000629656 /* CountryPicker.bundle */ = {isa = PBXFileReference; lastKnownFileType = "wrapper.plug-in"; path = CountryPicker.bundle; sourceTree = "<group>"; };
		18C5F4E72B7F772000629656 /* countries.json */ = {isa = PBXFileReference; fileEncoding = 4; lastKnownFileType = text.json; path = countries.json; sourceTree = "<group>"; };
		18DA0B392B7DF14A001DCF37 /* SignUpViewModel.swift */ = {isa = PBXFileReference; lastKnownFileType = sourcecode.swift; path = SignUpViewModel.swift; sourceTree = "<group>"; };
		18DA0B3D2B7DFA43001DCF37 /* UIViewController+Extension.swift */ = {isa = PBXFileReference; lastKnownFileType = sourcecode.swift; path = "UIViewController+Extension.swift"; sourceTree = "<group>"; };
		18DA0B402B7E1857001DCF37 /* Validation.swift */ = {isa = PBXFileReference; lastKnownFileType = sourcecode.swift; path = Validation.swift; sourceTree = "<group>"; };
		18DA0B422B7E1861001DCF37 /* ValidationCheckFuncs.swift */ = {isa = PBXFileReference; lastKnownFileType = sourcecode.swift; path = ValidationCheckFuncs.swift; sourceTree = "<group>"; };
		18DA0B442B7E187A001DCF37 /* ValidationConstantStrings.swift */ = {isa = PBXFileReference; lastKnownFileType = sourcecode.swift; path = ValidationConstantStrings.swift; sourceTree = "<group>"; };
		18DA0B462B7E18D2001DCF37 /* String+Extension.swift */ = {isa = PBXFileReference; lastKnownFileType = sourcecode.swift; path = "String+Extension.swift"; sourceTree = "<group>"; };
		18DA0B492B7E1E41001DCF37 /* ResponseModal.swift */ = {isa = PBXFileReference; lastKnownFileType = sourcecode.swift; path = ResponseModal.swift; sourceTree = "<group>"; };
		18DA0B4B2B7E1E4D001DCF37 /* APIHandler.swift */ = {isa = PBXFileReference; lastKnownFileType = sourcecode.swift; path = APIHandler.swift; sourceTree = "<group>"; };
		18DA0B4D2B7E1E5F001DCF37 /* FileUploader.swift */ = {isa = PBXFileReference; lastKnownFileType = sourcecode.swift; path = FileUploader.swift; sourceTree = "<group>"; };
		18DA0B4F2B7E1E6B001DCF37 /* CheckInterNetConnectivity.swift */ = {isa = PBXFileReference; lastKnownFileType = sourcecode.swift; path = CheckInterNetConnectivity.swift; sourceTree = "<group>"; };
		18DA0B512B7E1ED9001DCF37 /* UserDefaults+Extension.swift */ = {isa = PBXFileReference; lastKnownFileType = sourcecode.swift; path = "UserDefaults+Extension.swift"; sourceTree = "<group>"; };
		18DA0B542B7E20EC001DCF37 /* UserDefaultManager.swift */ = {isa = PBXFileReference; lastKnownFileType = sourcecode.swift; path = UserDefaultManager.swift; sourceTree = "<group>"; };
		18DA0B572B7E2C3E001DCF37 /* BottomAlert.swift */ = {isa = PBXFileReference; fileEncoding = 4; lastKnownFileType = sourcecode.swift; path = BottomAlert.swift; sourceTree = "<group>"; };
		18DA0B582B7E2C3E001DCF37 /* BottomAlert.xib */ = {isa = PBXFileReference; fileEncoding = 4; lastKnownFileType = file.xib; path = BottomAlert.xib; sourceTree = "<group>"; };
		18DA0B5C2B7E43A7001DCF37 /* LoadingIndicatorView.swift */ = {isa = PBXFileReference; lastKnownFileType = sourcecode.swift; path = LoadingIndicatorView.swift; sourceTree = "<group>"; };
		18EF614D2B7B52330074C959 /* DropDownTableViewCell.xib */ = {isa = PBXFileReference; fileEncoding = 4; lastKnownFileType = file.xib; path = DropDownTableViewCell.xib; sourceTree = "<group>"; };
		18EF614E2B7B52330074C959 /* DropDownTableViewCell.swift */ = {isa = PBXFileReference; fileEncoding = 4; lastKnownFileType = sourcecode.swift; path = DropDownTableViewCell.swift; sourceTree = "<group>"; };
		18EF614F2B7B52330074C959 /* DropDownTextField.swift */ = {isa = PBXFileReference; fileEncoding = 4; lastKnownFileType = sourcecode.swift; path = DropDownTextField.swift; sourceTree = "<group>"; };
		18EF61532B7B523D0074C959 /* CustomTextFieldView.swift */ = {isa = PBXFileReference; fileEncoding = 4; lastKnownFileType = sourcecode.swift; path = CustomTextFieldView.swift; sourceTree = "<group>"; };
		18EF61542B7B523D0074C959 /* CustomTextFieldView.xib */ = {isa = PBXFileReference; fileEncoding = 4; lastKnownFileType = file.xib; path = CustomTextFieldView.xib; sourceTree = "<group>"; };
		18EF61572B7B52760074C959 /* CreateEvent.storyboard */ = {isa = PBXFileReference; fileEncoding = 4; lastKnownFileType = file.storyboard; path = CreateEvent.storyboard; sourceTree = "<group>"; };
		18EF615A2B7B529A0074C959 /* CreatEventVC.swift */ = {isa = PBXFileReference; fileEncoding = 4; lastKnownFileType = sourcecode.swift; path = CreatEventVC.swift; sourceTree = "<group>"; };
		18EF615D2B7B60250074C959 /* FloatingTextField.swift */ = {isa = PBXFileReference; lastKnownFileType = sourcecode.swift; path = FloatingTextField.swift; sourceTree = "<group>"; };
		18EF61632B7B80930074C959 /* AddOrganizerTab.storyboard */ = {isa = PBXFileReference; lastKnownFileType = file.storyboard; path = AddOrganizerTab.storyboard; sourceTree = "<group>"; };
		18EF61652B7B8ABC0074C959 /* Organization.storyboard */ = {isa = PBXFileReference; lastKnownFileType = file.storyboard; path = Organization.storyboard; sourceTree = "<group>"; };
		18EF61692B7B92300074C959 /* NextButton.swift */ = {isa = PBXFileReference; lastKnownFileType = sourcecode.swift; path = NextButton.swift; sourceTree = "<group>"; };
		18EF616B2B7B92450074C959 /* NextButton.xib */ = {isa = PBXFileReference; lastKnownFileType = file.xib; path = NextButton.xib; sourceTree = "<group>"; };
		18EF616D2B7B92C00074C959 /* CustomButton.swift */ = {isa = PBXFileReference; lastKnownFileType = sourcecode.swift; path = CustomButton.swift; sourceTree = "<group>"; };
		18EF616F2B7B964A0074C959 /* Session.storyboard */ = {isa = PBXFileReference; fileEncoding = 4; lastKnownFileType = file.storyboard; path = Session.storyboard; sourceTree = "<group>"; };
		18EF61742B7B96BC0074C959 /* UITextField+Extension.swift */ = {isa = PBXFileReference; lastKnownFileType = sourcecode.swift; path = "UITextField+Extension.swift"; sourceTree = "<group>"; };
		18F093322B7B414800BFB4C3 /* Lato-Black.ttf */ = {isa = PBXFileReference; lastKnownFileType = file; path = "Lato-Black.ttf"; sourceTree = "<group>"; };
		18F093332B7B414800BFB4C3 /* Lato-LightItalic.ttf */ = {isa = PBXFileReference; lastKnownFileType = file; path = "Lato-LightItalic.ttf"; sourceTree = "<group>"; };
		18F093342B7B414800BFB4C3 /* Lato-BlackItalic.ttf */ = {isa = PBXFileReference; lastKnownFileType = file; path = "Lato-BlackItalic.ttf"; sourceTree = "<group>"; };
		18F093352B7B414800BFB4C3 /* Lato-Italic.ttf */ = {isa = PBXFileReference; lastKnownFileType = file; path = "Lato-Italic.ttf"; sourceTree = "<group>"; };
		18F093362B7B414800BFB4C3 /* Lato-Bold.ttf */ = {isa = PBXFileReference; lastKnownFileType = file; path = "Lato-Bold.ttf"; sourceTree = "<group>"; };
		18F093372B7B414800BFB4C3 /* Lato-Regular.ttf */ = {isa = PBXFileReference; lastKnownFileType = file; path = "Lato-Regular.ttf"; sourceTree = "<group>"; };
		18F093382B7B414800BFB4C3 /* Lato-BoldItalic.ttf */ = {isa = PBXFileReference; lastKnownFileType = file; path = "Lato-BoldItalic.ttf"; sourceTree = "<group>"; };
		18F093392B7B414800BFB4C3 /* Lato-Light.ttf */ = {isa = PBXFileReference; lastKnownFileType = file; path = "Lato-Light.ttf"; sourceTree = "<group>"; };
		18F093422B7B456500BFB4C3 /* CustomFont.swift */ = {isa = PBXFileReference; lastKnownFileType = sourcecode.swift; path = CustomFont.swift; sourceTree = "<group>"; };
/* End PBXFileReference section */

/* Begin PBXFrameworksBuildPhase section */
		185E65B92B72435C00FEC922 /* Frameworks */ = {
			isa = PBXFrameworksBuildPhase;
			buildActionMask = 2147483647;
			files = (
				18EF61612B7B6CBA0074C959 /* IQKeyboardManagerSwift in Frameworks */,
			);
			runOnlyForDeploymentPostprocessing = 0;
		};
/* End PBXFrameworksBuildPhase section */

/* Begin PBXGroup section */
		18006CE52B7C9F8800C301D3 /* PopOverView */ = {
			isa = PBXGroup;
			children = (
				18006CE62B7C9FA800C301D3 /* PopOverView.swift */,
				18006CEA2B7CA3CF00C301D3 /* PopOverView.xib */,
			);
			path = PopOverView;
			sourceTree = "<group>";
		};
		1802DF872B7C923B008B25DB /* ForgotPassword */ = {
			isa = PBXGroup;
			children = (
				1802DF8B2B7C9272008B25DB /* ForgotPasswordViewController.swift */,
			);
			path = ForgotPassword;
			sourceTree = "<group>";
		};
		1802DF882B7C9247008B25DB /* ResetPassword */ = {
			isa = PBXGroup;
			children = (
				1802DF892B7C9262008B25DB /* ResetPasswordViewController.swift */,
			);
			path = ResetPassword;
			sourceTree = "<group>";
		};
		181638C22B7B9CD90020854C /* SignUp */ = {
			isa = PBXGroup;
			children = (
				181638C32B7B9CFE0020854C /* SignUpViewController.swift */,
				18DA0B392B7DF14A001DCF37 /* SignUpViewModel.swift */,
			);
			path = SignUp;
			sourceTree = "<group>";
		};
		181638C52B7BA6C40020854C /* CreateAccount */ = {
			isa = PBXGroup;
			children = (
				181638C62B7BA6E10020854C /* CreateAccountViewController.swift */,
				1846EFA42B835D3E0049BDC0 /* CreateAccountModel.swift */,
				1846EFA62B835E7F0049BDC0 /* CreateAccountViewModel.swift */,
			);
			path = CreateAccount;
			sourceTree = "<group>";
		};
		183546A72B7CF5D000649EE2 /* Splash */ = {
			isa = PBXGroup;
			children = (
				183546A82B7CF5F500649EE2 /* SplashViewController.swift */,
			);
			path = Splash;
			sourceTree = "<group>";
		};
		183765052B7A329000CCE9F4 /* Utility */ = {
			isa = PBXGroup;
			children = (
				18DA0B532B7E20E4001DCF37 /* UserDefaultManager */,
				18DA0B3F2B7E184E001DCF37 /* Validation */,
				188F5C7F2B7DE5070039B86C /* Constants */,
				18EF61712B7B967B0074C959 /* Extensions */,
				18F093422B7B456500BFB4C3 /* CustomFont.swift */,
			);
			path = Utility;
			sourceTree = "<group>";
		};
		184B8B362B75F5360035FF3E /* Login */ = {
			isa = PBXGroup;
			children = (
				184B8B372B75F5750035FF3E /* LoginViewModel.swift */,
				184B8B392B75F62C0035FF3E /* LoginViewController.swift */,
				184B8B3B2B75F6400035FF3E /* LoginModel.swift */,
			);
			path = Login;
			sourceTree = "<group>";
		};
		185E65B32B72435C00FEC922 = {
			isa = PBXGroup;
			children = (
				185E65BE2B72435C00FEC922 /* TicketSpark */,
				185E65BD2B72435C00FEC922 /* Products */,
			);
			sourceTree = "<group>";
		};
		185E65BD2B72435C00FEC922 /* Products */ = {
			isa = PBXGroup;
			children = (
				185E65BC2B72435C00FEC922 /* TicketSpark.app */,
			);
			name = Products;
			sourceTree = "<group>";
		};
		185E65BE2B72435C00FEC922 /* TicketSpark */ = {
			isa = PBXGroup;
			children = (
				185E65D62B7243DA00FEC922 /* TicketSpark */,
				185E65D02B72435E00FEC922 /* Info.plist */,
				185E65C82B72435C00FEC922 /* TicketSpark.xcdatamodeld */,
			);
			path = TicketSpark;
			sourceTree = "<group>";
		};
		185E65D62B7243DA00FEC922 /* TicketSpark */ = {
			isa = PBXGroup;
			children = (
				185E65BF2B72435C00FEC922 /* AppDelegate.swift */,
				183765052B7A329000CCE9F4 /* Utility */,
				18EF614A2B7B51E50074C959 /* CommonView */,
				185E65D92B72445000FEC922 /* Modules */,
				185E65D82B72443600FEC922 /* Storyboards */,
				185E65D72B7243F300FEC922 /* Resources */,
			);
			path = TicketSpark;
			sourceTree = "<group>";
		};
		185E65D72B7243F300FEC922 /* Resources */ = {
			isa = PBXGroup;
			children = (
				18DA0B482B7E1E32001DCF37 /* ApiHandler */,
				18F093202B7B408800BFB4C3 /* Assets */,
				185E65C32B72435C00FEC922 /* ViewController.swift */,
				185E65CD2B72435E00FEC922 /* LaunchScreen.storyboard */,
				184B8B3F2B7636270035FF3E /* BaseViewController.swift */,
			);
			path = Resources;
			sourceTree = "<group>";
		};
		185E65D82B72443600FEC922 /* Storyboards */ = {
			isa = PBXGroup;
			children = (
				185E65C52B72435C00FEC922 /* Main.storyboard */,
				18EF61572B7B52760074C959 /* CreateEvent.storyboard */,
				18EF616F2B7B964A0074C959 /* Session.storyboard */,
				18EF61632B7B80930074C959 /* AddOrganizerTab.storyboard */,
				18EF61652B7B8ABC0074C959 /* Organization.storyboard */,
			);
			path = Storyboards;
			sourceTree = "<group>";
		};
		185E65D92B72445000FEC922 /* Modules */ = {
			isa = PBXGroup;
			children = (
				188F5C7C2B7BA0420039B86C /* Organization */,
				183546A72B7CF5D000649EE2 /* Splash */,
				1802DF882B7C9247008B25DB /* ResetPassword */,
				1802DF872B7C923B008B25DB /* ForgotPassword */,
				18EF61592B7B52860074C959 /* CreateEvent */,
				184B8B362B75F5360035FF3E /* Login */,
				181638C22B7B9CD90020854C /* SignUp */,
				181638C52B7BA6C40020854C /* CreateAccount */,
			);
			path = Modules;
			sourceTree = "<group>";
		};
		188F5C7C2B7BA0420039B86C /* Organization */ = {
			isa = PBXGroup;
			children = (
				188F5C7D2B7BA0A00039B86C /* AddOrganizerVC.swift */,
			);
			path = Organization;
			sourceTree = "<group>";
		};
		188F5C7F2B7DE5070039B86C /* Constants */ = {
			isa = PBXGroup;
			children = (
				188F5C802B7DE51C0039B86C /* StringConstants.swift */,
			);
			path = Constants;
			sourceTree = "<group>";
		};
		18C5F4DA2B7F74DC00629656 /* CountryCode */ = {
			isa = PBXGroup;
			children = (
				18C5F4DB2B7F74EC00629656 /* RSCountryPickerController.swift */,
				18C5F4DD2B7F751500629656 /* RSCountryTableViewCell.swift */,
			);
			path = CountryCode;
			sourceTree = "<group>";
		};
		18C5F4E42B7F770500629656 /* Country Picker */ = {
			isa = PBXGroup;
			children = (
				18C5F4E72B7F772000629656 /* countries.json */,
				18C5F4E62B7F772000629656 /* CountryPicker.bundle */,
				18C5F4E52B7F772000629656 /* RSCountryDialCode.swift */,
			);
			path = "Country Picker";
			sourceTree = "<group>";
		};
		18DA0B3F2B7E184E001DCF37 /* Validation */ = {
			isa = PBXGroup;
			children = (
				18DA0B402B7E1857001DCF37 /* Validation.swift */,
				18DA0B422B7E1861001DCF37 /* ValidationCheckFuncs.swift */,
				18DA0B442B7E187A001DCF37 /* ValidationConstantStrings.swift */,
			);
			path = Validation;
			sourceTree = "<group>";
		};
		18DA0B482B7E1E32001DCF37 /* ApiHandler */ = {
			isa = PBXGroup;
			children = (
				18DA0B492B7E1E41001DCF37 /* ResponseModal.swift */,
				18DA0B4B2B7E1E4D001DCF37 /* APIHandler.swift */,
				18DA0B4D2B7E1E5F001DCF37 /* FileUploader.swift */,
				18DA0B4F2B7E1E6B001DCF37 /* CheckInterNetConnectivity.swift */,
			);
			path = ApiHandler;
			sourceTree = "<group>";
		};
		18DA0B532B7E20E4001DCF37 /* UserDefaultManager */ = {
			isa = PBXGroup;
			children = (
				18DA0B542B7E20EC001DCF37 /* UserDefaultManager.swift */,
			);
			path = UserDefaultManager;
			sourceTree = "<group>";
		};
		18DA0B562B7E2B67001DCF37 /* BottomToast */ = {
			isa = PBXGroup;
			children = (
				18DA0B572B7E2C3E001DCF37 /* BottomAlert.swift */,
				18DA0B582B7E2C3E001DCF37 /* BottomAlert.xib */,
			);
			path = BottomToast;
			sourceTree = "<group>";
		};
		18DA0B5B2B7E439B001DCF37 /* LoadingIndicatorView */ = {
			isa = PBXGroup;
			children = (
				18DA0B5C2B7E43A7001DCF37 /* LoadingIndicatorView.swift */,
			);
			path = LoadingIndicatorView;
			sourceTree = "<group>";
		};
		18EF614A2B7B51E50074C959 /* CommonView */ = {
			isa = PBXGroup;
			children = (
				18C5F4E42B7F770500629656 /* Country Picker */,
				18C5F4DA2B7F74DC00629656 /* CountryCode */,
				18DA0B5B2B7E439B001DCF37 /* LoadingIndicatorView */,
				18DA0B562B7E2B67001DCF37 /* BottomToast */,
				18006CE52B7C9F8800C301D3 /* PopOverView */,
				18EF61732B7B96A10074C959 /* OtpView */,
				18EF61722B7B968E0074C959 /* GoogleSignView */,
				18EF61672B7B91720074C959 /* ButtonView */,
				18EF615C2B7B60080074C959 /* FloatingTextField */,
				18EF614C2B7B51FB0074C959 /* DropDownTextField */,
				18EF614B2B7B51ED0074C959 /* CustomTextField */,
			);
			path = CommonView;
			sourceTree = "<group>";
		};
		18EF614B2B7B51ED0074C959 /* CustomTextField */ = {
			isa = PBXGroup;
			children = (
				18EF61532B7B523D0074C959 /* CustomTextFieldView.swift */,
				18EF61542B7B523D0074C959 /* CustomTextFieldView.xib */,
			);
			path = CustomTextField;
			sourceTree = "<group>";
		};
		18EF614C2B7B51FB0074C959 /* DropDownTextField */ = {
			isa = PBXGroup;
			children = (
				18EF614E2B7B52330074C959 /* DropDownTableViewCell.swift */,
				18EF614D2B7B52330074C959 /* DropDownTableViewCell.xib */,
				18EF614F2B7B52330074C959 /* DropDownTextField.swift */,
			);
			path = DropDownTextField;
			sourceTree = "<group>";
		};
		18EF61592B7B52860074C959 /* CreateEvent */ = {
			isa = PBXGroup;
			children = (
				18EF615A2B7B529A0074C959 /* CreatEventVC.swift */,
			);
			path = CreateEvent;
			sourceTree = "<group>";
		};
		18EF615C2B7B60080074C959 /* FloatingTextField */ = {
			isa = PBXGroup;
			children = (
				18EF615D2B7B60250074C959 /* FloatingTextField.swift */,
			);
			path = FloatingTextField;
			sourceTree = "<group>";
		};
		18EF61672B7B91720074C959 /* ButtonView */ = {
			isa = PBXGroup;
			children = (
				18EF61692B7B92300074C959 /* NextButton.swift */,
				18EF616D2B7B92C00074C959 /* CustomButton.swift */,
				18EF616B2B7B92450074C959 /* NextButton.xib */,
			);
			path = ButtonView;
			sourceTree = "<group>";
		};
		18EF61712B7B967B0074C959 /* Extensions */ = {
			isa = PBXGroup;
			children = (
				183765062B7A32A900CCE9F4 /* UIView+Extension.swift */,
				183765082B7A32CE00CCE9F4 /* UIColour+Extension.swift */,
				18EF61742B7B96BC0074C959 /* UITextField+Extension.swift */,
				183546A52B7CEB2700649EE2 /* UIWindow+Extension.swift */,
				18DA0B3D2B7DFA43001DCF37 /* UIViewController+Extension.swift */,
				18DA0B462B7E18D2001DCF37 /* String+Extension.swift */,
				18DA0B512B7E1ED9001DCF37 /* UserDefaults+Extension.swift */,
			);
			path = Extensions;
			sourceTree = "<group>";
		};
		18EF61722B7B968E0074C959 /* GoogleSignView */ = {
			isa = PBXGroup;
			children = (
				185971832B7A526100175D84 /* GoogleSignInView.xib */,
				185971852B7A52DE00175D84 /* GoogleSignInView.swift */,
			);
			path = GoogleSignView;
			sourceTree = "<group>";
		};
		18EF61732B7B96A10074C959 /* OtpView */ = {
			isa = PBXGroup;
			children = (
				188F5C762B7B98F00039B86C /* OTPView.swift */,
				188F5C772B7B98F00039B86C /* OTPView.xib */,
			);
			path = OtpView;
			sourceTree = "<group>";
		};
		18F093202B7B408800BFB4C3 /* Assets */ = {
			isa = PBXGroup;
			children = (
				185E65CB2B72435E00FEC922 /* Assets.xcassets */,
				188F5C7A2B7B9EB20039B86C /* AppColors.xcassets */,
				18F093212B7B409F00BFB4C3 /* Fonts */,
			);
			path = Assets;
			sourceTree = "<group>";
		};
		18F093212B7B409F00BFB4C3 /* Fonts */ = {
			isa = PBXGroup;
			children = (
				183546AA2B7CF96C00649EE2 /* Lato-SemiBold.ttf */,
				183546A32B7CD03E00649EE2 /* Lato-Medium.ttf */,
				18F093322B7B414800BFB4C3 /* Lato-Black.ttf */,
				18F093342B7B414800BFB4C3 /* Lato-BlackItalic.ttf */,
				18F093362B7B414800BFB4C3 /* Lato-Bold.ttf */,
				18F093382B7B414800BFB4C3 /* Lato-BoldItalic.ttf */,
				18F093352B7B414800BFB4C3 /* Lato-Italic.ttf */,
				18F093392B7B414800BFB4C3 /* Lato-Light.ttf */,
				18F093332B7B414800BFB4C3 /* Lato-LightItalic.ttf */,
				18F093372B7B414800BFB4C3 /* Lato-Regular.ttf */,
			);
			path = Fonts;
			sourceTree = "<group>";
		};
/* End PBXGroup section */

/* Begin PBXNativeTarget section */
		185E65BB2B72435C00FEC922 /* TicketSpark */ = {
			isa = PBXNativeTarget;
			buildConfigurationList = 185E65D32B72435E00FEC922 /* Build configuration list for PBXNativeTarget "TicketSpark" */;
			buildPhases = (
				185E65B82B72435C00FEC922 /* Sources */,
				185E65B92B72435C00FEC922 /* Frameworks */,
				185E65BA2B72435C00FEC922 /* Resources */,
			);
			buildRules = (
			);
			dependencies = (
			);
			name = TicketSpark;
			packageProductDependencies = (
				18EF61602B7B6CBA0074C959 /* IQKeyboardManagerSwift */,
			);
			productName = TicketSpark;
			productReference = 185E65BC2B72435C00FEC922 /* TicketSpark.app */;
			productType = "com.apple.product-type.application";
		};
/* End PBXNativeTarget section */

/* Begin PBXProject section */
		185E65B42B72435C00FEC922 /* Project object */ = {
			isa = PBXProject;
			attributes = {
				BuildIndependentTargetsInParallel = 1;
				LastSwiftUpdateCheck = 1410;
				LastUpgradeCheck = 1410;
				TargetAttributes = {
					185E65BB2B72435C00FEC922 = {
						CreatedOnToolsVersion = 14.1;
					};
				};
			};
			buildConfigurationList = 185E65B72B72435C00FEC922 /* Build configuration list for PBXProject "TicketSpark" */;
			compatibilityVersion = "Xcode 14.0";
			developmentRegion = en;
			hasScannedForEncodings = 0;
			knownRegions = (
				en,
				Base,
			);
			mainGroup = 185E65B32B72435C00FEC922;
			packageReferences = (
				18EF615F2B7B6CBA0074C959 /* XCRemoteSwiftPackageReference "IQKeyboardManager" */,
			);
			productRefGroup = 185E65BD2B72435C00FEC922 /* Products */;
			projectDirPath = "";
			projectRoot = "";
			targets = (
				185E65BB2B72435C00FEC922 /* TicketSpark */,
			);
		};
/* End PBXProject section */

/* Begin PBXResourcesBuildPhase section */
		185E65BA2B72435C00FEC922 /* Resources */ = {
			isa = PBXResourcesBuildPhase;
			buildActionMask = 2147483647;
			files = (
				18F0933C2B7B414800BFB4C3 /* Lato-BlackItalic.ttf in Resources */,
				18F093412B7B414800BFB4C3 /* Lato-Light.ttf in Resources */,
				18EF61562B7B523D0074C959 /* CustomTextFieldView.xib in Resources */,
				183546A42B7CD03E00649EE2 /* Lato-Medium.ttf in Resources */,
				18EF61582B7B52760074C959 /* CreateEvent.storyboard in Resources */,
				18EF616C2B7B92450074C959 /* NextButton.xib in Resources */,
				18F0933E2B7B414800BFB4C3 /* Lato-Bold.ttf in Resources */,
				18EF61642B7B80930074C959 /* AddOrganizerTab.storyboard in Resources */,
				185971842B7A526100175D84 /* GoogleSignInView.xib in Resources */,
				188F5C7B2B7B9EB20039B86C /* AppColors.xcassets in Resources */,
				18F093402B7B414800BFB4C3 /* Lato-BoldItalic.ttf in Resources */,
				185E65CF2B72435E00FEC922 /* LaunchScreen.storyboard in Resources */,
				18C5F4EA2B7F772000629656 /* countries.json in Resources */,
				185E65CC2B72435E00FEC922 /* Assets.xcassets in Resources */,
				18F0933A2B7B414800BFB4C3 /* Lato-Black.ttf in Resources */,
				185E65C72B72435C00FEC922 /* Main.storyboard in Resources */,
				18EF61702B7B964B0074C959 /* Session.storyboard in Resources */,
				18006CEB2B7CA3CF00C301D3 /* PopOverView.xib in Resources */,
				188F5C792B7B98F00039B86C /* OTPView.xib in Resources */,
				18EF61502B7B52340074C959 /* DropDownTableViewCell.xib in Resources */,
				18DA0B5A2B7E2C3E001DCF37 /* BottomAlert.xib in Resources */,
				18C5F4E92B7F772000629656 /* CountryPicker.bundle in Resources */,
				18F0933D2B7B414800BFB4C3 /* Lato-Italic.ttf in Resources */,
				18EF61662B7B8ABC0074C959 /* Organization.storyboard in Resources */,
				183546AB2B7CF96C00649EE2 /* Lato-SemiBold.ttf in Resources */,
				18F0933B2B7B414800BFB4C3 /* Lato-LightItalic.ttf in Resources */,
				18F0933F2B7B414800BFB4C3 /* Lato-Regular.ttf in Resources */,
			);
			runOnlyForDeploymentPostprocessing = 0;
		};
/* End PBXResourcesBuildPhase section */

/* Begin PBXSourcesBuildPhase section */
		185E65B82B72435C00FEC922 /* Sources */ = {
			isa = PBXSourcesBuildPhase;
			buildActionMask = 2147483647;
			files = (
				18C5F4E82B7F772000629656 /* RSCountryDialCode.swift in Sources */,
				18DA0B4C2B7E1E4D001DCF37 /* APIHandler.swift in Sources */,
				181638C42B7B9CFE0020854C /* SignUpViewController.swift in Sources */,
				184B8B3A2B75F62C0035FF3E /* LoginViewController.swift in Sources */,
				1846EFA72B835E7F0049BDC0 /* CreateAccountViewModel.swift in Sources */,
				18EF616E2B7B92C00074C959 /* CustomButton.swift in Sources */,
				1802DF8A2B7C9262008B25DB /* ResetPasswordViewController.swift in Sources */,
				184B8B3C2B75F6400035FF3E /* LoginModel.swift in Sources */,
				18DA0B5D2B7E43A7001DCF37 /* LoadingIndicatorView.swift in Sources */,
				18DA0B552B7E20EC001DCF37 /* UserDefaultManager.swift in Sources */,
				185E65C42B72435C00FEC922 /* ViewController.swift in Sources */,
				188F5C7E2B7BA0A00039B86C /* AddOrganizerVC.swift in Sources */,
				183765072B7A32A900CCE9F4 /* UIView+Extension.swift in Sources */,
				18DA0B3A2B7DF14A001DCF37 /* SignUpViewModel.swift in Sources */,
				188F5C812B7DE51C0039B86C /* StringConstants.swift in Sources */,
				18DA0B502B7E1E6B001DCF37 /* CheckInterNetConnectivity.swift in Sources */,
				18EF61752B7B96BC0074C959 /* UITextField+Extension.swift in Sources */,
				18DA0B3E2B7DFA43001DCF37 /* UIViewController+Extension.swift in Sources */,
				18006CE72B7C9FA800C301D3 /* PopOverView.swift in Sources */,
				185E65CA2B72435C00FEC922 /* TicketSpark.xcdatamodeld in Sources */,
				185E65C02B72435C00FEC922 /* AppDelegate.swift in Sources */,
				18DA0B4E2B7E1E5F001DCF37 /* FileUploader.swift in Sources */,
				18C5F4DE2B7F751500629656 /* RSCountryTableViewCell.swift in Sources */,
				183546A62B7CEB2700649EE2 /* UIWindow+Extension.swift in Sources */,
				18DA0B452B7E187A001DCF37 /* ValidationConstantStrings.swift in Sources */,
				185971862B7A52DE00175D84 /* GoogleSignInView.swift in Sources */,
				18DA0B592B7E2C3E001DCF37 /* BottomAlert.swift in Sources */,
				1802DF8C2B7C9272008B25DB /* ForgotPasswordViewController.swift in Sources */,
				18EF615B2B7B529A0074C959 /* CreatEventVC.swift in Sources */,
				18EF615E2B7B60260074C959 /* FloatingTextField.swift in Sources */,
				18EF61512B7B52340074C959 /* DropDownTableViewCell.swift in Sources */,
				18EF61552B7B523D0074C959 /* CustomTextFieldView.swift in Sources */,
				18DA0B4A2B7E1E41001DCF37 /* ResponseModal.swift in Sources */,
				181638C72B7BA6E10020854C /* CreateAccountViewController.swift in Sources */,
				183546A92B7CF5F500649EE2 /* SplashViewController.swift in Sources */,
				184B8B402B7636270035FF3E /* BaseViewController.swift in Sources */,
				1846EFA52B835D3E0049BDC0 /* CreateAccountModel.swift in Sources */,
				18C5F4DC2B7F74EC00629656 /* RSCountryPickerController.swift in Sources */,
				18DA0B412B7E1857001DCF37 /* Validation.swift in Sources */,
				188F5C782B7B98F00039B86C /* OTPView.swift in Sources */,
				18EF616A2B7B92300074C959 /* NextButton.swift in Sources */,
				18DA0B522B7E1ED9001DCF37 /* UserDefaults+Extension.swift in Sources */,
				183765092B7A32CE00CCE9F4 /* UIColour+Extension.swift in Sources */,
				18DA0B432B7E1861001DCF37 /* ValidationCheckFuncs.swift in Sources */,
				18EF61522B7B52340074C959 /* DropDownTextField.swift in Sources */,
				18F093432B7B456500BFB4C3 /* CustomFont.swift in Sources */,
				18DA0B472B7E18D2001DCF37 /* String+Extension.swift in Sources */,
				184B8B382B75F5750035FF3E /* LoginViewModel.swift in Sources */,
			);
			runOnlyForDeploymentPostprocessing = 0;
		};
/* End PBXSourcesBuildPhase section */

/* Begin PBXVariantGroup section */
		185E65C52B72435C00FEC922 /* Main.storyboard */ = {
			isa = PBXVariantGroup;
			children = (
				185E65C62B72435C00FEC922 /* Base */,
			);
			name = Main.storyboard;
			sourceTree = "<group>";
		};
		185E65CD2B72435E00FEC922 /* LaunchScreen.storyboard */ = {
			isa = PBXVariantGroup;
			children = (
				185E65CE2B72435E00FEC922 /* Base */,
			);
			name = LaunchScreen.storyboard;
			sourceTree = "<group>";
		};
/* End PBXVariantGroup section */

/* Begin XCBuildConfiguration section */
		185E65D12B72435E00FEC922 /* Debug */ = {
			isa = XCBuildConfiguration;
			buildSettings = {
				ALWAYS_SEARCH_USER_PATHS = NO;
				CLANG_ANALYZER_NONNULL = YES;
				CLANG_ANALYZER_NUMBER_OBJECT_CONVERSION = YES_AGGRESSIVE;
				CLANG_CXX_LANGUAGE_STANDARD = "gnu++20";
				CLANG_ENABLE_MODULES = YES;
				CLANG_ENABLE_OBJC_ARC = YES;
				CLANG_ENABLE_OBJC_WEAK = YES;
				CLANG_WARN_BLOCK_CAPTURE_AUTORELEASING = YES;
				CLANG_WARN_BOOL_CONVERSION = YES;
				CLANG_WARN_COMMA = YES;
				CLANG_WARN_CONSTANT_CONVERSION = YES;
				CLANG_WARN_DEPRECATED_OBJC_IMPLEMENTATIONS = YES;
				CLANG_WARN_DIRECT_OBJC_ISA_USAGE = YES_ERROR;
				CLANG_WARN_DOCUMENTATION_COMMENTS = YES;
				CLANG_WARN_EMPTY_BODY = YES;
				CLANG_WARN_ENUM_CONVERSION = YES;
				CLANG_WARN_INFINITE_RECURSION = YES;
				CLANG_WARN_INT_CONVERSION = YES;
				CLANG_WARN_NON_LITERAL_NULL_CONVERSION = YES;
				CLANG_WARN_OBJC_IMPLICIT_RETAIN_SELF = YES;
				CLANG_WARN_OBJC_LITERAL_CONVERSION = YES;
				CLANG_WARN_OBJC_ROOT_CLASS = YES_ERROR;
				CLANG_WARN_QUOTED_INCLUDE_IN_FRAMEWORK_HEADER = YES;
				CLANG_WARN_RANGE_LOOP_ANALYSIS = YES;
				CLANG_WARN_STRICT_PROTOTYPES = YES;
				CLANG_WARN_SUSPICIOUS_MOVE = YES;
				CLANG_WARN_UNGUARDED_AVAILABILITY = YES_AGGRESSIVE;
				CLANG_WARN_UNREACHABLE_CODE = YES;
				CLANG_WARN__DUPLICATE_METHOD_MATCH = YES;
				COPY_PHASE_STRIP = NO;
				DEBUG_INFORMATION_FORMAT = dwarf;
				ENABLE_STRICT_OBJC_MSGSEND = YES;
				ENABLE_TESTABILITY = YES;
				GCC_C_LANGUAGE_STANDARD = gnu11;
				GCC_DYNAMIC_NO_PIC = NO;
				GCC_NO_COMMON_BLOCKS = YES;
				GCC_OPTIMIZATION_LEVEL = 0;
				GCC_PREPROCESSOR_DEFINITIONS = (
					"DEBUG=1",
					"$(inherited)",
				);
				GCC_WARN_64_TO_32_BIT_CONVERSION = YES;
				GCC_WARN_ABOUT_RETURN_TYPE = YES_ERROR;
				GCC_WARN_UNDECLARED_SELECTOR = YES;
				GCC_WARN_UNINITIALIZED_AUTOS = YES_AGGRESSIVE;
				GCC_WARN_UNUSED_FUNCTION = YES;
				GCC_WARN_UNUSED_VARIABLE = YES;
				IPHONEOS_DEPLOYMENT_TARGET = 16.1;
				MTL_ENABLE_DEBUG_INFO = INCLUDE_SOURCE;
				MTL_FAST_MATH = YES;
				ONLY_ACTIVE_ARCH = YES;
				SDKROOT = iphoneos;
				SWIFT_ACTIVE_COMPILATION_CONDITIONS = DEBUG;
				SWIFT_OPTIMIZATION_LEVEL = "-Onone";
			};
			name = Debug;
		};
		185E65D22B72435E00FEC922 /* Release */ = {
			isa = XCBuildConfiguration;
			buildSettings = {
				ALWAYS_SEARCH_USER_PATHS = NO;
				CLANG_ANALYZER_NONNULL = YES;
				CLANG_ANALYZER_NUMBER_OBJECT_CONVERSION = YES_AGGRESSIVE;
				CLANG_CXX_LANGUAGE_STANDARD = "gnu++20";
				CLANG_ENABLE_MODULES = YES;
				CLANG_ENABLE_OBJC_ARC = YES;
				CLANG_ENABLE_OBJC_WEAK = YES;
				CLANG_WARN_BLOCK_CAPTURE_AUTORELEASING = YES;
				CLANG_WARN_BOOL_CONVERSION = YES;
				CLANG_WARN_COMMA = YES;
				CLANG_WARN_CONSTANT_CONVERSION = YES;
				CLANG_WARN_DEPRECATED_OBJC_IMPLEMENTATIONS = YES;
				CLANG_WARN_DIRECT_OBJC_ISA_USAGE = YES_ERROR;
				CLANG_WARN_DOCUMENTATION_COMMENTS = YES;
				CLANG_WARN_EMPTY_BODY = YES;
				CLANG_WARN_ENUM_CONVERSION = YES;
				CLANG_WARN_INFINITE_RECURSION = YES;
				CLANG_WARN_INT_CONVERSION = YES;
				CLANG_WARN_NON_LITERAL_NULL_CONVERSION = YES;
				CLANG_WARN_OBJC_IMPLICIT_RETAIN_SELF = YES;
				CLANG_WARN_OBJC_LITERAL_CONVERSION = YES;
				CLANG_WARN_OBJC_ROOT_CLASS = YES_ERROR;
				CLANG_WARN_QUOTED_INCLUDE_IN_FRAMEWORK_HEADER = YES;
				CLANG_WARN_RANGE_LOOP_ANALYSIS = YES;
				CLANG_WARN_STRICT_PROTOTYPES = YES;
				CLANG_WARN_SUSPICIOUS_MOVE = YES;
				CLANG_WARN_UNGUARDED_AVAILABILITY = YES_AGGRESSIVE;
				CLANG_WARN_UNREACHABLE_CODE = YES;
				CLANG_WARN__DUPLICATE_METHOD_MATCH = YES;
				COPY_PHASE_STRIP = NO;
				DEBUG_INFORMATION_FORMAT = "dwarf-with-dsym";
				ENABLE_NS_ASSERTIONS = NO;
				ENABLE_STRICT_OBJC_MSGSEND = YES;
				GCC_C_LANGUAGE_STANDARD = gnu11;
				GCC_NO_COMMON_BLOCKS = YES;
				GCC_WARN_64_TO_32_BIT_CONVERSION = YES;
				GCC_WARN_ABOUT_RETURN_TYPE = YES_ERROR;
				GCC_WARN_UNDECLARED_SELECTOR = YES;
				GCC_WARN_UNINITIALIZED_AUTOS = YES_AGGRESSIVE;
				GCC_WARN_UNUSED_FUNCTION = YES;
				GCC_WARN_UNUSED_VARIABLE = YES;
				IPHONEOS_DEPLOYMENT_TARGET = 16.1;
				MTL_ENABLE_DEBUG_INFO = NO;
				MTL_FAST_MATH = YES;
				SDKROOT = iphoneos;
				SWIFT_COMPILATION_MODE = wholemodule;
				SWIFT_OPTIMIZATION_LEVEL = "-O";
				VALIDATE_PRODUCT = YES;
			};
			name = Release;
		};
		185E65D42B72435E00FEC922 /* Debug */ = {
			isa = XCBuildConfiguration;
			buildSettings = {
				ASSETCATALOG_COMPILER_APPICON_NAME = AppIcon;
				ASSETCATALOG_COMPILER_GLOBAL_ACCENT_COLOR_NAME = AccentColor;
				CODE_SIGN_STYLE = Automatic;
				CURRENT_PROJECT_VERSION = 1;
				GENERATE_INFOPLIST_FILE = YES;
				INFOPLIST_FILE = TicketSpark/Info.plist;
				INFOPLIST_KEY_UIApplicationSupportsIndirectInputEvents = YES;
				INFOPLIST_KEY_UILaunchStoryboardName = LaunchScreen;
				INFOPLIST_KEY_UIMainStoryboardFile = Main;
				INFOPLIST_KEY_UISupportedInterfaceOrientations_iPad = "UIInterfaceOrientationPortrait UIInterfaceOrientationPortraitUpsideDown UIInterfaceOrientationLandscapeLeft UIInterfaceOrientationLandscapeRight";
				INFOPLIST_KEY_UISupportedInterfaceOrientations_iPhone = "UIInterfaceOrientationPortrait UIInterfaceOrientationLandscapeLeft UIInterfaceOrientationLandscapeRight";
				LD_RUNPATH_SEARCH_PATHS = (
					"$(inherited)",
					"@executable_path/Frameworks",
				);
				MARKETING_VERSION = 1.0;
				PRODUCT_BUNDLE_IDENTIFIER = com.test.TicketSpark;
				PRODUCT_NAME = "$(TARGET_NAME)";
				SWIFT_EMIT_LOC_STRINGS = YES;
				SWIFT_VERSION = 5.0;
				TARGETED_DEVICE_FAMILY = "1,2";
			};
			name = Debug;
		};
		185E65D52B72435E00FEC922 /* Release */ = {
			isa = XCBuildConfiguration;
			buildSettings = {
				ASSETCATALOG_COMPILER_APPICON_NAME = AppIcon;
				ASSETCATALOG_COMPILER_GLOBAL_ACCENT_COLOR_NAME = AccentColor;
				CODE_SIGN_STYLE = Automatic;
				CURRENT_PROJECT_VERSION = 1;
				GENERATE_INFOPLIST_FILE = YES;
				INFOPLIST_FILE = TicketSpark/Info.plist;
				INFOPLIST_KEY_UIApplicationSupportsIndirectInputEvents = YES;
				INFOPLIST_KEY_UILaunchStoryboardName = LaunchScreen;
				INFOPLIST_KEY_UIMainStoryboardFile = Main;
				INFOPLIST_KEY_UISupportedInterfaceOrientations_iPad = "UIInterfaceOrientationPortrait UIInterfaceOrientationPortraitUpsideDown UIInterfaceOrientationLandscapeLeft UIInterfaceOrientationLandscapeRight";
				INFOPLIST_KEY_UISupportedInterfaceOrientations_iPhone = "UIInterfaceOrientationPortrait UIInterfaceOrientationLandscapeLeft UIInterfaceOrientationLandscapeRight";
				LD_RUNPATH_SEARCH_PATHS = (
					"$(inherited)",
					"@executable_path/Frameworks",
				);
				MARKETING_VERSION = 1.0;
				PRODUCT_BUNDLE_IDENTIFIER = com.test.TicketSpark;
				PRODUCT_NAME = "$(TARGET_NAME)";
				SWIFT_EMIT_LOC_STRINGS = YES;
				SWIFT_VERSION = 5.0;
				TARGETED_DEVICE_FAMILY = "1,2";
			};
			name = Release;
		};
/* End XCBuildConfiguration section */

/* Begin XCConfigurationList section */
		185E65B72B72435C00FEC922 /* Build configuration list for PBXProject "TicketSpark" */ = {
			isa = XCConfigurationList;
			buildConfigurations = (
				185E65D12B72435E00FEC922 /* Debug */,
				185E65D22B72435E00FEC922 /* Release */,
			);
			defaultConfigurationIsVisible = 0;
			defaultConfigurationName = Release;
		};
		185E65D32B72435E00FEC922 /* Build configuration list for PBXNativeTarget "TicketSpark" */ = {
			isa = XCConfigurationList;
			buildConfigurations = (
				185E65D42B72435E00FEC922 /* Debug */,
				185E65D52B72435E00FEC922 /* Release */,
			);
			defaultConfigurationIsVisible = 0;
			defaultConfigurationName = Release;
		};
/* End XCConfigurationList section */

/* Begin XCRemoteSwiftPackageReference section */
		18EF615F2B7B6CBA0074C959 /* XCRemoteSwiftPackageReference "IQKeyboardManager" */ = {
			isa = XCRemoteSwiftPackageReference;
			repositoryURL = "https://github.com/hackiftekhar/IQKeyboardManager.git";
			requirement = {
				kind = upToNextMajorVersion;
				minimumVersion = 7.0.0;
			};
		};
/* End XCRemoteSwiftPackageReference section */

/* Begin XCSwiftPackageProductDependency section */
		18EF61602B7B6CBA0074C959 /* IQKeyboardManagerSwift */ = {
			isa = XCSwiftPackageProductDependency;
			package = 18EF615F2B7B6CBA0074C959 /* XCRemoteSwiftPackageReference "IQKeyboardManager" */;
			productName = IQKeyboardManagerSwift;
		};
/* End XCSwiftPackageProductDependency section */

/* Begin XCVersionGroup section */
		185E65C82B72435C00FEC922 /* TicketSpark.xcdatamodeld */ = {
			isa = XCVersionGroup;
			children = (
				185E65C92B72435C00FEC922 /* TicketSpark.xcdatamodel */,
			);
			currentVersion = 185E65C92B72435C00FEC922 /* TicketSpark.xcdatamodel */;
			path = TicketSpark.xcdatamodeld;
			sourceTree = "<group>";
			versionGroupType = wrapper.xcdatamodel;
		};
/* End XCVersionGroup section */
	};
	rootObject = 185E65B42B72435C00FEC922 /* Project object */;
}
