// !$*UTF8*$!
{
	archiveVersion = 1;
	classes = {
	};
	objectVersion = 56;
	objects = {

/* Begin PBXBuildFile section */
		183765072B7A32A900CCE9F4 /* UIView+Extension.swift in Sources */ = {isa = PBXBuildFile; fileRef = 183765062B7A32A900CCE9F4 /* UIView+Extension.swift */; };
		183765092B7A32CE00CCE9F4 /* UIColour+Extension.swift in Sources */ = {isa = PBXBuildFile; fileRef = 183765082B7A32CE00CCE9F4 /* UIColour+Extension.swift */; };
		184B8B382B75F5750035FF3E /* LoginViewModel.swift in Sources */ = {isa = PBXBuildFile; fileRef = 184B8B372B75F5750035FF3E /* LoginViewModel.swift */; };
		184B8B3A2B75F62C0035FF3E /* LoginViewController.swift in Sources */ = {isa = PBXBuildFile; fileRef = 184B8B392B75F62C0035FF3E /* LoginViewController.swift */; };
		184B8B3C2B75F6400035FF3E /* LoginModel.swift in Sources */ = {isa = PBXBuildFile; fileRef = 184B8B3B2B75F6400035FF3E /* LoginModel.swift */; };
		184B8B3E2B762D330035FF3E /* Session.storyboard in Resources */ = {isa = PBXBuildFile; fileRef = 184B8B3D2B762D330035FF3E /* Session.storyboard */; };
		184B8B402B7636270035FF3E /* BaseViewController.swift in Sources */ = {isa = PBXBuildFile; fileRef = 184B8B3F2B7636270035FF3E /* BaseViewController.swift */; };
		185971842B7A526100175D84 /* GoogleSignInView.xib in Resources */ = {isa = PBXBuildFile; fileRef = 185971832B7A526100175D84 /* GoogleSignInView.xib */; };
		185971862B7A52DE00175D84 /* GoogleSignInView.swift in Sources */ = {isa = PBXBuildFile; fileRef = 185971852B7A52DE00175D84 /* GoogleSignInView.swift */; };
		185E65C02B72435C00FEC922 /* AppDelegate.swift in Sources */ = {isa = PBXBuildFile; fileRef = 185E65BF2B72435C00FEC922 /* AppDelegate.swift */; };
		185E65C22B72435C00FEC922 /* SceneDelegate.swift in Sources */ = {isa = PBXBuildFile; fileRef = 185E65C12B72435C00FEC922 /* SceneDelegate.swift */; };
		185E65C42B72435C00FEC922 /* ViewController.swift in Sources */ = {isa = PBXBuildFile; fileRef = 185E65C32B72435C00FEC922 /* ViewController.swift */; };
		185E65C72B72435C00FEC922 /* Main.storyboard in Resources */ = {isa = PBXBuildFile; fileRef = 185E65C52B72435C00FEC922 /* Main.storyboard */; };
		185E65CA2B72435C00FEC922 /* TicketSpark.xcdatamodeld in Sources */ = {isa = PBXBuildFile; fileRef = 185E65C82B72435C00FEC922 /* TicketSpark.xcdatamodeld */; };
		185E65CC2B72435E00FEC922 /* Assets.xcassets in Resources */ = {isa = PBXBuildFile; fileRef = 185E65CB2B72435E00FEC922 /* Assets.xcassets */; };
		185E65CF2B72435E00FEC922 /* LaunchScreen.storyboard in Resources */ = {isa = PBXBuildFile; fileRef = 185E65CD2B72435E00FEC922 /* LaunchScreen.storyboard */; };
		18F0933A2B7B414800BFB4C3 /* Lato-Black.ttf in Resources */ = {isa = PBXBuildFile; fileRef = 18F093322B7B414800BFB4C3 /* Lato-Black.ttf */; };
		18F0933B2B7B414800BFB4C3 /* Lato-LightItalic.ttf in Resources */ = {isa = PBXBuildFile; fileRef = 18F093332B7B414800BFB4C3 /* Lato-LightItalic.ttf */; };
		18F0933C2B7B414800BFB4C3 /* Lato-BlackItalic.ttf in Resources */ = {isa = PBXBuildFile; fileRef = 18F093342B7B414800BFB4C3 /* Lato-BlackItalic.ttf */; };
		18F0933D2B7B414800BFB4C3 /* Lato-Italic.ttf in Resources */ = {isa = PBXBuildFile; fileRef = 18F093352B7B414800BFB4C3 /* Lato-Italic.ttf */; };
		18F0933E2B7B414800BFB4C3 /* Lato-Bold.ttf in Resources */ = {isa = PBXBuildFile; fileRef = 18F093362B7B414800BFB4C3 /* Lato-Bold.ttf */; };
		18F0933F2B7B414800BFB4C3 /* Lato-Regular.ttf in Resources */ = {isa = PBXBuildFile; fileRef = 18F093372B7B414800BFB4C3 /* Lato-Regular.ttf */; };
		18F093402B7B414800BFB4C3 /* Lato-BoldItalic.ttf in Resources */ = {isa = PBXBuildFile; fileRef = 18F093382B7B414800BFB4C3 /* Lato-BoldItalic.ttf */; };
		18F093412B7B414800BFB4C3 /* Lato-Light.ttf in Resources */ = {isa = PBXBuildFile; fileRef = 18F093392B7B414800BFB4C3 /* Lato-Light.ttf */; };
		18F093432B7B456500BFB4C3 /* CustomFont.swift in Sources */ = {isa = PBXBuildFile; fileRef = 18F093422B7B456500BFB4C3 /* CustomFont.swift */; };
		18DB60C72B7A3C0100C6CE97 /* CreateEvent.storyboard in Resources */ = {isa = PBXBuildFile; fileRef = 18DB60C62B7A3C0100C6CE97 /* CreateEvent.storyboard */; };
		18DB60CB2B7A521700C6CE97 /* CustomTextFieldView.swift in Sources */ = {isa = PBXBuildFile; fileRef = 18DB60CA2B7A521700C6CE97 /* CustomTextFieldView.swift */; };
		18DB60CD2B7A525F00C6CE97 /* CustomTextFieldView.xib in Resources */ = {isa = PBXBuildFile; fileRef = 18DB60CC2B7A525F00C6CE97 /* CustomTextFieldView.xib */; };
		18DB60CF2B7A591F00C6CE97 /* CreatEventVC.swift in Sources */ = {isa = PBXBuildFile; fileRef = 18DB60CE2B7A591F00C6CE97 /* CreatEventVC.swift */; };
		18EF61442B7B41C40074C959 /* DropDownTableViewCell.xib in Resources */ = {isa = PBXBuildFile; fileRef = 18EF61402B7B41C20074C959 /* DropDownTableViewCell.xib */; };
		18EF61452B7B41C40074C959 /* DropDownTableViewCell.swift in Sources */ = {isa = PBXBuildFile; fileRef = 18EF61412B7B41C30074C959 /* DropDownTableViewCell.swift */; };
		18EF61462B7B41C40074C959 /* DropDownTextField.swift in Sources */ = {isa = PBXBuildFile; fileRef = 18EF61422B7B41C30074C959 /* DropDownTextField.swift */; };
/* End PBXBuildFile section */

/* Begin PBXFileReference section */
		183765062B7A32A900CCE9F4 /* UIView+Extension.swift */ = {isa = PBXFileReference; lastKnownFileType = sourcecode.swift; path = "UIView+Extension.swift"; sourceTree = "<group>"; };
		183765082B7A32CE00CCE9F4 /* UIColour+Extension.swift */ = {isa = PBXFileReference; lastKnownFileType = sourcecode.swift; path = "UIColour+Extension.swift"; sourceTree = "<group>"; };
		184B8B372B75F5750035FF3E /* LoginViewModel.swift */ = {isa = PBXFileReference; lastKnownFileType = sourcecode.swift; path = LoginViewModel.swift; sourceTree = "<group>"; };
		184B8B392B75F62C0035FF3E /* LoginViewController.swift */ = {isa = PBXFileReference; lastKnownFileType = sourcecode.swift; path = LoginViewController.swift; sourceTree = "<group>"; };
		184B8B3B2B75F6400035FF3E /* LoginModel.swift */ = {isa = PBXFileReference; lastKnownFileType = sourcecode.swift; path = LoginModel.swift; sourceTree = "<group>"; };
		184B8B3D2B762D330035FF3E /* Session.storyboard */ = {isa = PBXFileReference; lastKnownFileType = file.storyboard; path = Session.storyboard; sourceTree = "<group>"; };
		184B8B3F2B7636270035FF3E /* BaseViewController.swift */ = {isa = PBXFileReference; lastKnownFileType = sourcecode.swift; path = BaseViewController.swift; sourceTree = "<group>"; };
		185971832B7A526100175D84 /* GoogleSignInView.xib */ = {isa = PBXFileReference; lastKnownFileType = file.xib; path = GoogleSignInView.xib; sourceTree = "<group>"; };
		185971852B7A52DE00175D84 /* GoogleSignInView.swift */ = {isa = PBXFileReference; lastKnownFileType = sourcecode.swift; path = GoogleSignInView.swift; sourceTree = "<group>"; };
		185E65BC2B72435C00FEC922 /* TicketSpark.app */ = {isa = PBXFileReference; explicitFileType = wrapper.application; includeInIndex = 0; path = TicketSpark.app; sourceTree = BUILT_PRODUCTS_DIR; };
		185E65BF2B72435C00FEC922 /* AppDelegate.swift */ = {isa = PBXFileReference; lastKnownFileType = sourcecode.swift; path = AppDelegate.swift; sourceTree = "<group>"; };
		185E65C12B72435C00FEC922 /* SceneDelegate.swift */ = {isa = PBXFileReference; lastKnownFileType = sourcecode.swift; path = SceneDelegate.swift; sourceTree = "<group>"; };
		185E65C32B72435C00FEC922 /* ViewController.swift */ = {isa = PBXFileReference; lastKnownFileType = sourcecode.swift; path = ViewController.swift; sourceTree = "<group>"; };
		185E65C62B72435C00FEC922 /* Base */ = {isa = PBXFileReference; lastKnownFileType = file.storyboard; name = Base; path = Base.lproj/Main.storyboard; sourceTree = "<group>"; };
		185E65C92B72435C00FEC922 /* TicketSpark.xcdatamodel */ = {isa = PBXFileReference; lastKnownFileType = wrapper.xcdatamodel; path = TicketSpark.xcdatamodel; sourceTree = "<group>"; };
		185E65CB2B72435E00FEC922 /* Assets.xcassets */ = {isa = PBXFileReference; lastKnownFileType = folder.assetcatalog; path = Assets.xcassets; sourceTree = "<group>"; };
		185E65CE2B72435E00FEC922 /* Base */ = {isa = PBXFileReference; lastKnownFileType = file.storyboard; name = Base; path = Base.lproj/LaunchScreen.storyboard; sourceTree = "<group>"; };
		185E65D02B72435E00FEC922 /* Info.plist */ = {isa = PBXFileReference; lastKnownFileType = text.plist.xml; path = Info.plist; sourceTree = "<group>"; };
		18F093322B7B414800BFB4C3 /* Lato-Black.ttf */ = {isa = PBXFileReference; lastKnownFileType = file; path = "Lato-Black.ttf"; sourceTree = "<group>"; };
		18F093332B7B414800BFB4C3 /* Lato-LightItalic.ttf */ = {isa = PBXFileReference; lastKnownFileType = file; path = "Lato-LightItalic.ttf"; sourceTree = "<group>"; };
		18F093342B7B414800BFB4C3 /* Lato-BlackItalic.ttf */ = {isa = PBXFileReference; lastKnownFileType = file; path = "Lato-BlackItalic.ttf"; sourceTree = "<group>"; };
		18F093352B7B414800BFB4C3 /* Lato-Italic.ttf */ = {isa = PBXFileReference; lastKnownFileType = file; path = "Lato-Italic.ttf"; sourceTree = "<group>"; };
		18F093362B7B414800BFB4C3 /* Lato-Bold.ttf */ = {isa = PBXFileReference; lastKnownFileType = file; path = "Lato-Bold.ttf"; sourceTree = "<group>"; };
		18F093372B7B414800BFB4C3 /* Lato-Regular.ttf */ = {isa = PBXFileReference; lastKnownFileType = file; path = "Lato-Regular.ttf"; sourceTree = "<group>"; };
		18F093382B7B414800BFB4C3 /* Lato-BoldItalic.ttf */ = {isa = PBXFileReference; lastKnownFileType = file; path = "Lato-BoldItalic.ttf"; sourceTree = "<group>"; };
		18F093392B7B414800BFB4C3 /* Lato-Light.ttf */ = {isa = PBXFileReference; lastKnownFileType = file; path = "Lato-Light.ttf"; sourceTree = "<group>"; };
		18F093422B7B456500BFB4C3 /* CustomFont.swift */ = {isa = PBXFileReference; lastKnownFileType = sourcecode.swift; path = CustomFont.swift; sourceTree = "<group>"; };
		18DB60C62B7A3C0100C6CE97 /* CreateEvent.storyboard */ = {isa = PBXFileReference; lastKnownFileType = file.storyboard; path = CreateEvent.storyboard; sourceTree = "<group>"; };
		18DB60CA2B7A521700C6CE97 /* CustomTextFieldView.swift */ = {isa = PBXFileReference; lastKnownFileType = sourcecode.swift; path = CustomTextFieldView.swift; sourceTree = "<group>"; };
		18DB60CC2B7A525F00C6CE97 /* CustomTextFieldView.xib */ = {isa = PBXFileReference; lastKnownFileType = file.xib; path = CustomTextFieldView.xib; sourceTree = "<group>"; };
		18DB60CE2B7A591F00C6CE97 /* CreatEventVC.swift */ = {isa = PBXFileReference; lastKnownFileType = sourcecode.swift; path = CreatEventVC.swift; sourceTree = "<group>"; };
		18EF61402B7B41C20074C959 /* DropDownTableViewCell.xib */ = {isa = PBXFileReference; fileEncoding = 4; lastKnownFileType = file.xib; path = DropDownTableViewCell.xib; sourceTree = "<group>"; };
		18EF61412B7B41C30074C959 /* DropDownTableViewCell.swift */ = {isa = PBXFileReference; fileEncoding = 4; lastKnownFileType = sourcecode.swift; path = DropDownTableViewCell.swift; sourceTree = "<group>"; };
		18EF61422B7B41C30074C959 /* DropDownTextField.swift */ = {isa = PBXFileReference; fileEncoding = 4; lastKnownFileType = sourcecode.swift; path = DropDownTextField.swift; sourceTree = "<group>"; };
/* End PBXFileReference section */

/* Begin PBXFrameworksBuildPhase section */
		185E65B92B72435C00FEC922 /* Frameworks */ = {
			isa = PBXFrameworksBuildPhase;
			buildActionMask = 2147483647;
			files = (
			);
			runOnlyForDeploymentPostprocessing = 0;
		};
/* End PBXFrameworksBuildPhase section */

/* Begin PBXGroup section */
		183765052B7A329000CCE9F4 /* Utility */ = {
			isa = PBXGroup;
			children = (
				183765062B7A32A900CCE9F4 /* UIView+Extension.swift */,
				183765082B7A32CE00CCE9F4 /* UIColour+Extension.swift */,
				185971832B7A526100175D84 /* GoogleSignInView.xib */,
				185971852B7A52DE00175D84 /* GoogleSignInView.swift */,
				18F093422B7B456500BFB4C3 /* CustomFont.swift */,
			);
			path = Utility;
			sourceTree = "<group>";
		};
		184B8B362B75F5360035FF3E /* LoginView */ = {
			isa = PBXGroup;
			children = (
				184B8B372B75F5750035FF3E /* LoginViewModel.swift */,
				184B8B392B75F62C0035FF3E /* LoginViewController.swift */,
				184B8B3B2B75F6400035FF3E /* LoginModel.swift */,
			);
			path = LoginView;
			sourceTree = "<group>";
		};
		185E65B32B72435C00FEC922 = {
			isa = PBXGroup;
			children = (
				185E65BE2B72435C00FEC922 /* TicketSpark */,
				185E65BD2B72435C00FEC922 /* Products */,
			);
			sourceTree = "<group>";
		};
		185E65BD2B72435C00FEC922 /* Products */ = {
			isa = PBXGroup;
			children = (
				185E65BC2B72435C00FEC922 /* TicketSpark.app */,
			);
			name = Products;
			sourceTree = "<group>";
		};
		185E65BE2B72435C00FEC922 /* TicketSpark */ = {
			isa = PBXGroup;
			children = (
				185E65D62B7243DA00FEC922 /* TicketSpark */,
				185E65D02B72435E00FEC922 /* Info.plist */,
				185E65C82B72435C00FEC922 /* TicketSpark.xcdatamodeld */,
			);
			path = TicketSpark;
			sourceTree = "<group>";
		};
		185E65D62B7243DA00FEC922 /* TicketSpark */ = {
			isa = PBXGroup;
			children = (
				185E65BF2B72435C00FEC922 /* AppDelegate.swift */,
				185E65C12B72435C00FEC922 /* SceneDelegate.swift */,
				18DB60C82B7A51C000C6CE97 /* CommonView */,
				185E65D92B72445000FEC922 /* Modules */,
				185E65D82B72443600FEC922 /* View */,
				185E65D72B7243F300FEC922 /* Resources */,
				183765052B7A329000CCE9F4 /* Utility */,
			);
			path = TicketSpark;
			sourceTree = "<group>";
		};
		185E65D72B7243F300FEC922 /* Resources */ = {
			isa = PBXGroup;
			children = (
				18F093202B7B408800BFB4C3 /* Assets */,
				185E65C32B72435C00FEC922 /* ViewController.swift */,
				185E65CD2B72435E00FEC922 /* LaunchScreen.storyboard */,
				184B8B3F2B7636270035FF3E /* BaseViewController.swift */,
			);
			path = Resources;
			sourceTree = "<group>";
		};
		185E65D82B72443600FEC922 /* View */ = {
			isa = PBXGroup;
			children = (
				185E65C52B72435C00FEC922 /* Main.storyboard */,
				184B8B3D2B762D330035FF3E /* Session.storyboard */,
				18DB60C62B7A3C0100C6CE97 /* CreateEvent.storyboard */,
			);
			path = View;
			sourceTree = "<group>";
		};
		185E65D92B72445000FEC922 /* Modules */ = {
			isa = PBXGroup;
			children = (
				18EF613E2B7B40420074C959 /* CreateEvent */,
				184B8B362B75F5360035FF3E /* LoginView */,
			);
			path = Modules;
			sourceTree = "<group>";
		};
		18F093202B7B408800BFB4C3 /* Assets */ = {
			isa = PBXGroup;
			children = (
				185E65CB2B72435E00FEC922 /* Assets.xcassets */,
				18F093212B7B409F00BFB4C3 /* Fonts */,
			);
			path = Assets;
			sourceTree = "<group>";
		};
		18F093212B7B409F00BFB4C3 /* Fonts */ = {
			isa = PBXGroup;
			children = (
				18F093322B7B414800BFB4C3 /* Lato-Black.ttf */,
				18F093342B7B414800BFB4C3 /* Lato-BlackItalic.ttf */,
				18F093362B7B414800BFB4C3 /* Lato-Bold.ttf */,
				18F093382B7B414800BFB4C3 /* Lato-BoldItalic.ttf */,
				18F093352B7B414800BFB4C3 /* Lato-Italic.ttf */,
				18F093392B7B414800BFB4C3 /* Lato-Light.ttf */,
				18F093332B7B414800BFB4C3 /* Lato-LightItalic.ttf */,
				18F093372B7B414800BFB4C3 /* Lato-Regular.ttf */,
			);
			path = Fonts;
		18DB60C82B7A51C000C6CE97 /* CommonView */ = {
			isa = PBXGroup;
			children = (
				18EF613F2B7B40860074C959 /* DropDownTextField */,
				18DB60C92B7A51CD00C6CE97 /* CustomTextFieldView */,
			);
			path = CommonView;
			sourceTree = "<group>";
		};
		18DB60C92B7A51CD00C6CE97 /* CustomTextFieldView */ = {
			isa = PBXGroup;
			children = (
				18DB60CA2B7A521700C6CE97 /* CustomTextFieldView.swift */,
				18DB60CC2B7A525F00C6CE97 /* CustomTextFieldView.xib */,
			);
			path = CustomTextFieldView;
			sourceTree = "<group>";
		};
		18EF613E2B7B40420074C959 /* CreateEvent */ = {
			isa = PBXGroup;
			children = (
				18DB60CE2B7A591F00C6CE97 /* CreatEventVC.swift */,
			);
			path = CreateEvent;
			sourceTree = "<group>";
		};
		18EF613F2B7B40860074C959 /* DropDownTextField */ = {
			isa = PBXGroup;
			children = (
				18EF61412B7B41C30074C959 /* DropDownTableViewCell.swift */,
				18EF61402B7B41C20074C959 /* DropDownTableViewCell.xib */,
				18EF61422B7B41C30074C959 /* DropDownTextField.swift */,
			);
			path = DropDownTextField;
			sourceTree = "<group>";
		};
/* End PBXGroup section */

/* Begin PBXNativeTarget section */
		185E65BB2B72435C00FEC922 /* TicketSpark */ = {
			isa = PBXNativeTarget;
			buildConfigurationList = 185E65D32B72435E00FEC922 /* Build configuration list for PBXNativeTarget "TicketSpark" */;
			buildPhases = (
				185E65B82B72435C00FEC922 /* Sources */,
				185E65B92B72435C00FEC922 /* Frameworks */,
				185E65BA2B72435C00FEC922 /* Resources */,
			);
			buildRules = (
			);
			dependencies = (
			);
			name = TicketSpark;
			productName = TicketSpark;
			productReference = 185E65BC2B72435C00FEC922 /* TicketSpark.app */;
			productType = "com.apple.product-type.application";
		};
/* End PBXNativeTarget section */

/* Begin PBXProject section */
		185E65B42B72435C00FEC922 /* Project object */ = {
			isa = PBXProject;
			attributes = {
				BuildIndependentTargetsInParallel = 1;
				LastSwiftUpdateCheck = 1410;
				LastUpgradeCheck = 1410;
				TargetAttributes = {
					185E65BB2B72435C00FEC922 = {
						CreatedOnToolsVersion = 14.1;
					};
				};
			};
			buildConfigurationList = 185E65B72B72435C00FEC922 /* Build configuration list for PBXProject "TicketSpark" */;
			compatibilityVersion = "Xcode 14.0";
			developmentRegion = en;
			hasScannedForEncodings = 0;
			knownRegions = (
				en,
				Base,
			);
			mainGroup = 185E65B32B72435C00FEC922;
			productRefGroup = 185E65BD2B72435C00FEC922 /* Products */;
			projectDirPath = "";
			projectRoot = "";
			targets = (
				185E65BB2B72435C00FEC922 /* TicketSpark */,
			);
		};
/* End PBXProject section */

/* Begin PBXResourcesBuildPhase section */
		185E65BA2B72435C00FEC922 /* Resources */ = {
			isa = PBXResourcesBuildPhase;
			buildActionMask = 2147483647;
			files = (
				18F0933C2B7B414800BFB4C3 /* Lato-BlackItalic.ttf in Resources */,
				18F093412B7B414800BFB4C3 /* Lato-Light.ttf in Resources */,
				18F0933E2B7B414800BFB4C3 /* Lato-Bold.ttf in Resources */,
				185971842B7A526100175D84 /* GoogleSignInView.xib in Resources */,
				18F093402B7B414800BFB4C3 /* Lato-BoldItalic.ttf in Resources */,
				18DB60C72B7A3C0100C6CE97 /* CreateEvent.storyboard in Resources */,
				185E65CF2B72435E00FEC922 /* LaunchScreen.storyboard in Resources */,
				184B8B3E2B762D330035FF3E /* Session.storyboard in Resources */,
				18EF61442B7B41C40074C959 /* DropDownTableViewCell.xib in Resources */,
				185E65CC2B72435E00FEC922 /* Assets.xcassets in Resources */,
				18F0933A2B7B414800BFB4C3 /* Lato-Black.ttf in Resources */,
				185E65C72B72435C00FEC922 /* Main.storyboard in Resources */,
				18F0933D2B7B414800BFB4C3 /* Lato-Italic.ttf in Resources */,
				18F0933B2B7B414800BFB4C3 /* Lato-LightItalic.ttf in Resources */,
				18F0933F2B7B414800BFB4C3 /* Lato-Regular.ttf in Resources */,
				18DB60CD2B7A525F00C6CE97 /* CustomTextFieldView.xib in Resources */,
			);
			runOnlyForDeploymentPostprocessing = 0;
		};
/* End PBXResourcesBuildPhase section */

/* Begin PBXSourcesBuildPhase section */
		185E65B82B72435C00FEC922 /* Sources */ = {
			isa = PBXSourcesBuildPhase;
			buildActionMask = 2147483647;
			files = (
				184B8B3A2B75F62C0035FF3E /* LoginViewController.swift in Sources */,
				184B8B3C2B75F6400035FF3E /* LoginModel.swift in Sources */,
				18DB60CB2B7A521700C6CE97 /* CustomTextFieldView.swift in Sources */,
				185E65C42B72435C00FEC922 /* ViewController.swift in Sources */,
				183765072B7A32A900CCE9F4 /* UIView+Extension.swift in Sources */,
				185E65CA2B72435C00FEC922 /* TicketSpark.xcdatamodeld in Sources */,
				185E65C02B72435C00FEC922 /* AppDelegate.swift in Sources */,
				185971862B7A52DE00175D84 /* GoogleSignInView.swift in Sources */,
				184B8B402B7636270035FF3E /* BaseViewController.swift in Sources */,
				183765092B7A32CE00CCE9F4 /* UIColour+Extension.swift in Sources */,
				18F093432B7B456500BFB4C3 /* CustomFont.swift in Sources */,
				18EF61452B7B41C40074C959 /* DropDownTableViewCell.swift in Sources */,
				184B8B402B7636270035FF3E /* BaseViewController.swift in Sources */,
				183765092B7A32CE00CCE9F4 /* UIColour+Extension.swift in Sources */,
				18EF61462B7B41C40074C959 /* DropDownTextField.swift in Sources */,
				184B8B382B75F5750035FF3E /* LoginViewModel.swift in Sources */,
				185E65C22B72435C00FEC922 /* SceneDelegate.swift in Sources */,
				18DB60CF2B7A591F00C6CE97 /* CreatEventVC.swift in Sources */,
			);
			runOnlyForDeploymentPostprocessing = 0;
		};
/* End PBXSourcesBuildPhase section */

/* Begin PBXVariantGroup section */
		185E65C52B72435C00FEC922 /* Main.storyboard */ = {
			isa = PBXVariantGroup;
			children = (
				185E65C62B72435C00FEC922 /* Base */,
			);
			name = Main.storyboard;
			sourceTree = "<group>";
		};
		185E65CD2B72435E00FEC922 /* LaunchScreen.storyboard */ = {
			isa = PBXVariantGroup;
			children = (
				185E65CE2B72435E00FEC922 /* Base */,
			);
			name = LaunchScreen.storyboard;
			sourceTree = "<group>";
		};
/* End PBXVariantGroup section */

/* Begin XCBuildConfiguration section */
		185E65D12B72435E00FEC922 /* Debug */ = {
			isa = XCBuildConfiguration;
			buildSettings = {
				ALWAYS_SEARCH_USER_PATHS = NO;
				CLANG_ANALYZER_NONNULL = YES;
				CLANG_ANALYZER_NUMBER_OBJECT_CONVERSION = YES_AGGRESSIVE;
				CLANG_CXX_LANGUAGE_STANDARD = "gnu++20";
				CLANG_ENABLE_MODULES = YES;
				CLANG_ENABLE_OBJC_ARC = YES;
				CLANG_ENABLE_OBJC_WEAK = YES;
				CLANG_WARN_BLOCK_CAPTURE_AUTORELEASING = YES;
				CLANG_WARN_BOOL_CONVERSION = YES;
				CLANG_WARN_COMMA = YES;
				CLANG_WARN_CONSTANT_CONVERSION = YES;
				CLANG_WARN_DEPRECATED_OBJC_IMPLEMENTATIONS = YES;
				CLANG_WARN_DIRECT_OBJC_ISA_USAGE = YES_ERROR;
				CLANG_WARN_DOCUMENTATION_COMMENTS = YES;
				CLANG_WARN_EMPTY_BODY = YES;
				CLANG_WARN_ENUM_CONVERSION = YES;
				CLANG_WARN_INFINITE_RECURSION = YES;
				CLANG_WARN_INT_CONVERSION = YES;
				CLANG_WARN_NON_LITERAL_NULL_CONVERSION = YES;
				CLANG_WARN_OBJC_IMPLICIT_RETAIN_SELF = YES;
				CLANG_WARN_OBJC_LITERAL_CONVERSION = YES;
				CLANG_WARN_OBJC_ROOT_CLASS = YES_ERROR;
				CLANG_WARN_QUOTED_INCLUDE_IN_FRAMEWORK_HEADER = YES;
				CLANG_WARN_RANGE_LOOP_ANALYSIS = YES;
				CLANG_WARN_STRICT_PROTOTYPES = YES;
				CLANG_WARN_SUSPICIOUS_MOVE = YES;
				CLANG_WARN_UNGUARDED_AVAILABILITY = YES_AGGRESSIVE;
				CLANG_WARN_UNREACHABLE_CODE = YES;
				CLANG_WARN__DUPLICATE_METHOD_MATCH = YES;
				COPY_PHASE_STRIP = NO;
				DEBUG_INFORMATION_FORMAT = dwarf;
				ENABLE_STRICT_OBJC_MSGSEND = YES;
				ENABLE_TESTABILITY = YES;
				GCC_C_LANGUAGE_STANDARD = gnu11;
				GCC_DYNAMIC_NO_PIC = NO;
				GCC_NO_COMMON_BLOCKS = YES;
				GCC_OPTIMIZATION_LEVEL = 0;
				GCC_PREPROCESSOR_DEFINITIONS = (
					"DEBUG=1",
					"$(inherited)",
				);
				GCC_WARN_64_TO_32_BIT_CONVERSION = YES;
				GCC_WARN_ABOUT_RETURN_TYPE = YES_ERROR;
				GCC_WARN_UNDECLARED_SELECTOR = YES;
				GCC_WARN_UNINITIALIZED_AUTOS = YES_AGGRESSIVE;
				GCC_WARN_UNUSED_FUNCTION = YES;
				GCC_WARN_UNUSED_VARIABLE = YES;
				IPHONEOS_DEPLOYMENT_TARGET = 16.1;
				MTL_ENABLE_DEBUG_INFO = INCLUDE_SOURCE;
				MTL_FAST_MATH = YES;
				ONLY_ACTIVE_ARCH = YES;
				SDKROOT = iphoneos;
				SWIFT_ACTIVE_COMPILATION_CONDITIONS = DEBUG;
				SWIFT_OPTIMIZATION_LEVEL = "-Onone";
			};
			name = Debug;
		};
		185E65D22B72435E00FEC922 /* Release */ = {
			isa = XCBuildConfiguration;
			buildSettings = {
				ALWAYS_SEARCH_USER_PATHS = NO;
				CLANG_ANALYZER_NONNULL = YES;
				CLANG_ANALYZER_NUMBER_OBJECT_CONVERSION = YES_AGGRESSIVE;
				CLANG_CXX_LANGUAGE_STANDARD = "gnu++20";
				CLANG_ENABLE_MODULES = YES;
				CLANG_ENABLE_OBJC_ARC = YES;
				CLANG_ENABLE_OBJC_WEAK = YES;
				CLANG_WARN_BLOCK_CAPTURE_AUTORELEASING = YES;
				CLANG_WARN_BOOL_CONVERSION = YES;
				CLANG_WARN_COMMA = YES;
				CLANG_WARN_CONSTANT_CONVERSION = YES;
				CLANG_WARN_DEPRECATED_OBJC_IMPLEMENTATIONS = YES;
				CLANG_WARN_DIRECT_OBJC_ISA_USAGE = YES_ERROR;
				CLANG_WARN_DOCUMENTATION_COMMENTS = YES;
				CLANG_WARN_EMPTY_BODY = YES;
				CLANG_WARN_ENUM_CONVERSION = YES;
				CLANG_WARN_INFINITE_RECURSION = YES;
				CLANG_WARN_INT_CONVERSION = YES;
				CLANG_WARN_NON_LITERAL_NULL_CONVERSION = YES;
				CLANG_WARN_OBJC_IMPLICIT_RETAIN_SELF = YES;
				CLANG_WARN_OBJC_LITERAL_CONVERSION = YES;
				CLANG_WARN_OBJC_ROOT_CLASS = YES_ERROR;
				CLANG_WARN_QUOTED_INCLUDE_IN_FRAMEWORK_HEADER = YES;
				CLANG_WARN_RANGE_LOOP_ANALYSIS = YES;
				CLANG_WARN_STRICT_PROTOTYPES = YES;
				CLANG_WARN_SUSPICIOUS_MOVE = YES;
				CLANG_WARN_UNGUARDED_AVAILABILITY = YES_AGGRESSIVE;
				CLANG_WARN_UNREACHABLE_CODE = YES;
				CLANG_WARN__DUPLICATE_METHOD_MATCH = YES;
				COPY_PHASE_STRIP = NO;
				DEBUG_INFORMATION_FORMAT = "dwarf-with-dsym";
				ENABLE_NS_ASSERTIONS = NO;
				ENABLE_STRICT_OBJC_MSGSEND = YES;
				GCC_C_LANGUAGE_STANDARD = gnu11;
				GCC_NO_COMMON_BLOCKS = YES;
				GCC_WARN_64_TO_32_BIT_CONVERSION = YES;
				GCC_WARN_ABOUT_RETURN_TYPE = YES_ERROR;
				GCC_WARN_UNDECLARED_SELECTOR = YES;
				GCC_WARN_UNINITIALIZED_AUTOS = YES_AGGRESSIVE;
				GCC_WARN_UNUSED_FUNCTION = YES;
				GCC_WARN_UNUSED_VARIABLE = YES;
				IPHONEOS_DEPLOYMENT_TARGET = 16.1;
				MTL_ENABLE_DEBUG_INFO = NO;
				MTL_FAST_MATH = YES;
				SDKROOT = iphoneos;
				SWIFT_COMPILATION_MODE = wholemodule;
				SWIFT_OPTIMIZATION_LEVEL = "-O";
				VALIDATE_PRODUCT = YES;
			};
			name = Release;
		};
		185E65D42B72435E00FEC922 /* Debug */ = {
			isa = XCBuildConfiguration;
			buildSettings = {
				ASSETCATALOG_COMPILER_APPICON_NAME = AppIcon;
				ASSETCATALOG_COMPILER_GLOBAL_ACCENT_COLOR_NAME = AccentColor;
				CODE_SIGN_STYLE = Automatic;
				CURRENT_PROJECT_VERSION = 1;
				GENERATE_INFOPLIST_FILE = YES;
				INFOPLIST_FILE = TicketSpark/Info.plist;
				INFOPLIST_KEY_UIApplicationSupportsIndirectInputEvents = YES;
				INFOPLIST_KEY_UILaunchStoryboardName = LaunchScreen;
				INFOPLIST_KEY_UIMainStoryboardFile = Main;
				INFOPLIST_KEY_UISupportedInterfaceOrientations_iPad = "UIInterfaceOrientationPortrait UIInterfaceOrientationPortraitUpsideDown UIInterfaceOrientationLandscapeLeft UIInterfaceOrientationLandscapeRight";
				INFOPLIST_KEY_UISupportedInterfaceOrientations_iPhone = "UIInterfaceOrientationPortrait UIInterfaceOrientationLandscapeLeft UIInterfaceOrientationLandscapeRight";
				LD_RUNPATH_SEARCH_PATHS = (
					"$(inherited)",
					"@executable_path/Frameworks",
				);
				MARKETING_VERSION = 1.0;
				PRODUCT_BUNDLE_IDENTIFIER = com.test.TicketSpark;
				PRODUCT_NAME = "$(TARGET_NAME)";
				SWIFT_EMIT_LOC_STRINGS = YES;
				SWIFT_VERSION = 5.0;
				TARGETED_DEVICE_FAMILY = "1,2";
			};
			name = Debug;
		};
		185E65D52B72435E00FEC922 /* Release */ = {
			isa = XCBuildConfiguration;
			buildSettings = {
				ASSETCATALOG_COMPILER_APPICON_NAME = AppIcon;
				ASSETCATALOG_COMPILER_GLOBAL_ACCENT_COLOR_NAME = AccentColor;
				CODE_SIGN_STYLE = Automatic;
				CURRENT_PROJECT_VERSION = 1;
				GENERATE_INFOPLIST_FILE = YES;
				INFOPLIST_FILE = TicketSpark/Info.plist;
				INFOPLIST_KEY_UIApplicationSupportsIndirectInputEvents = YES;
				INFOPLIST_KEY_UILaunchStoryboardName = LaunchScreen;
				INFOPLIST_KEY_UIMainStoryboardFile = Main;
				INFOPLIST_KEY_UISupportedInterfaceOrientations_iPad = "UIInterfaceOrientationPortrait UIInterfaceOrientationPortraitUpsideDown UIInterfaceOrientationLandscapeLeft UIInterfaceOrientationLandscapeRight";
				INFOPLIST_KEY_UISupportedInterfaceOrientations_iPhone = "UIInterfaceOrientationPortrait UIInterfaceOrientationLandscapeLeft UIInterfaceOrientationLandscapeRight";
				LD_RUNPATH_SEARCH_PATHS = (
					"$(inherited)",
					"@executable_path/Frameworks",
				);
				MARKETING_VERSION = 1.0;
				PRODUCT_BUNDLE_IDENTIFIER = com.test.TicketSpark;
				PRODUCT_NAME = "$(TARGET_NAME)";
				SWIFT_EMIT_LOC_STRINGS = YES;
				SWIFT_VERSION = 5.0;
				TARGETED_DEVICE_FAMILY = "1,2";
			};
			name = Release;
		};
/* End XCBuildConfiguration section */

/* Begin XCConfigurationList section */
		185E65B72B72435C00FEC922 /* Build configuration list for PBXProject "TicketSpark" */ = {
			isa = XCConfigurationList;
			buildConfigurations = (
				185E65D12B72435E00FEC922 /* Debug */,
				185E65D22B72435E00FEC922 /* Release */,
			);
			defaultConfigurationIsVisible = 0;
			defaultConfigurationName = Release;
		};
		185E65D32B72435E00FEC922 /* Build configuration list for PBXNativeTarget "TicketSpark" */ = {
			isa = XCConfigurationList;
			buildConfigurations = (
				185E65D42B72435E00FEC922 /* Debug */,
				185E65D52B72435E00FEC922 /* Release */,
			);
			defaultConfigurationIsVisible = 0;
			defaultConfigurationName = Release;
		};
/* End XCConfigurationList section */

/* Begin XCVersionGroup section */
		185E65C82B72435C00FEC922 /* TicketSpark.xcdatamodeld */ = {
			isa = XCVersionGroup;
			children = (
				185E65C92B72435C00FEC922 /* TicketSpark.xcdatamodel */,
			);
			currentVersion = 185E65C92B72435C00FEC922 /* TicketSpark.xcdatamodel */;
			path = TicketSpark.xcdatamodeld;
			sourceTree = "<group>";
			versionGroupType = wrapper.xcdatamodel;
		};
/* End XCVersionGroup section */
	};
	rootObject = 185E65B42B72435C00FEC922 /* Project object */;
}
